// !$*UTF8*$!
{
	archiveVersion = 1;
	classes = {
	};
	objectVersion = 46;
	objects = {

/* Begin PBXBuildFile section */
		C00D1C6A18F6784F0026D610 /* Foundation.framework in Frameworks */ = {isa = PBXBuildFile; fileRef = C00D1C6918F6784F0026D610 /* Foundation.framework */; };
		C00D1C6C18F6784F0026D610 /* CoreGraphics.framework in Frameworks */ = {isa = PBXBuildFile; fileRef = C00D1C6B18F6784F0026D610 /* CoreGraphics.framework */; };
		C00D1C6E18F6784F0026D610 /* UIKit.framework in Frameworks */ = {isa = PBXBuildFile; fileRef = C00D1C6D18F6784F0026D610 /* UIKit.framework */; };
		C00D1C7418F6784F0026D610 /* InfoPlist.strings in Resources */ = {isa = PBXBuildFile; fileRef = C00D1C7218F6784F0026D610 /* InfoPlist.strings */; };
		C00D1C7618F6784F0026D610 /* main.m in Sources */ = {isa = PBXBuildFile; fileRef = C00D1C7518F6784F0026D610 /* main.m */; };
		C00D1C7A18F6784F0026D610 /* AppDelegate.m in Sources */ = {isa = PBXBuildFile; fileRef = C00D1C7918F6784F0026D610 /* AppDelegate.m */; };
		C00D1C7D18F6784F0026D610 /* Main.storyboard in Resources */ = {isa = PBXBuildFile; fileRef = C00D1C7B18F6784F0026D610 /* Main.storyboard */; };
		C00D1C8018F6784F0026D610 /* ViewController.m in Sources */ = {isa = PBXBuildFile; fileRef = C00D1C7F18F6784F0026D610 /* ViewController.m */; };
		C00D1C8218F6784F0026D610 /* Images.xcassets in Resources */ = {isa = PBXBuildFile; fileRef = C00D1C8118F6784F0026D610 /* Images.xcassets */; };
		C00D1C8918F6784F0026D610 /* XCTest.framework in Frameworks */ = {isa = PBXBuildFile; fileRef = C00D1C8818F6784F0026D610 /* XCTest.framework */; };
		C00D1C8A18F6784F0026D610 /* Foundation.framework in Frameworks */ = {isa = PBXBuildFile; fileRef = C00D1C6918F6784F0026D610 /* Foundation.framework */; };
		C00D1C8B18F6784F0026D610 /* UIKit.framework in Frameworks */ = {isa = PBXBuildFile; fileRef = C00D1C6D18F6784F0026D610 /* UIKit.framework */; };
		C00D1C9318F6784F0026D610 /* InfoPlist.strings in Resources */ = {isa = PBXBuildFile; fileRef = C00D1C9118F6784F0026D610 /* InfoPlist.strings */; };
		C00D1C9518F6784F0026D610 /* JiaoTongBuTests.m in Sources */ = {isa = PBXBuildFile; fileRef = C00D1C9418F6784F0026D610 /* JiaoTongBuTests.m */; };
		C00D1E3A18F67CA90026D610 /* AFHTTPRequestOperation.m in Sources */ = {isa = PBXBuildFile; fileRef = C00D1D0F18F67CA80026D610 /* AFHTTPRequestOperation.m */; };
		C00D1E3B18F67CA90026D610 /* AFHTTPRequestOperationManager.m in Sources */ = {isa = PBXBuildFile; fileRef = C00D1D1118F67CA80026D610 /* AFHTTPRequestOperationManager.m */; };
		C00D1E3C18F67CA90026D610 /* AFHTTPSessionManager.m in Sources */ = {isa = PBXBuildFile; fileRef = C00D1D1318F67CA80026D610 /* AFHTTPSessionManager.m */; };
		C00D1E3D18F67CA90026D610 /* AFNetworkReachabilityManager.m in Sources */ = {isa = PBXBuildFile; fileRef = C00D1D1618F67CA80026D610 /* AFNetworkReachabilityManager.m */; };
		C00D1E3E18F67CA90026D610 /* AFSecurityPolicy.m in Sources */ = {isa = PBXBuildFile; fileRef = C00D1D1818F67CA80026D610 /* AFSecurityPolicy.m */; };
		C00D1E3F18F67CA90026D610 /* AFURLConnectionOperation.m in Sources */ = {isa = PBXBuildFile; fileRef = C00D1D1A18F67CA80026D610 /* AFURLConnectionOperation.m */; };
		C00D1E4018F67CA90026D610 /* AFURLRequestSerialization.m in Sources */ = {isa = PBXBuildFile; fileRef = C00D1D1C18F67CA80026D610 /* AFURLRequestSerialization.m */; };
		C00D1E4118F67CA90026D610 /* AFURLResponseSerialization.m in Sources */ = {isa = PBXBuildFile; fileRef = C00D1D1E18F67CA80026D610 /* AFURLResponseSerialization.m */; };
		C00D1E4218F67CA90026D610 /* AFURLSessionManager.m in Sources */ = {isa = PBXBuildFile; fileRef = C00D1D2018F67CA80026D610 /* AFURLSessionManager.m */; };
		C00D1E4318F67CA90026D610 /* AFNetworkActivityIndicatorManager.m in Sources */ = {isa = PBXBuildFile; fileRef = C00D1D2318F67CA80026D610 /* AFNetworkActivityIndicatorManager.m */; };
		C00D1E4418F67CA90026D610 /* UIActivityIndicatorView+AFNetworking.m in Sources */ = {isa = PBXBuildFile; fileRef = C00D1D2518F67CA80026D610 /* UIActivityIndicatorView+AFNetworking.m */; };
		C00D1E4518F67CA90026D610 /* UIAlertView+AFNetworking.m in Sources */ = {isa = PBXBuildFile; fileRef = C00D1D2718F67CA80026D610 /* UIAlertView+AFNetworking.m */; };
		C00D1E4618F67CA90026D610 /* UIButton+AFNetworking.m in Sources */ = {isa = PBXBuildFile; fileRef = C00D1D2918F67CA80026D610 /* UIButton+AFNetworking.m */; };
		C00D1E4718F67CA90026D610 /* UIImageView+AFNetworking.m in Sources */ = {isa = PBXBuildFile; fileRef = C00D1D2B18F67CA80026D610 /* UIImageView+AFNetworking.m */; };
		C00D1E4818F67CA90026D610 /* UIProgressView+AFNetworking.m in Sources */ = {isa = PBXBuildFile; fileRef = C00D1D2E18F67CA80026D610 /* UIProgressView+AFNetworking.m */; };
		C00D1E4918F67CA90026D610 /* UIRefreshControl+AFNetworking.m in Sources */ = {isa = PBXBuildFile; fileRef = C00D1D3018F67CA80026D610 /* UIRefreshControl+AFNetworking.m */; };
		C00D1E4A18F67CA90026D610 /* UIWebView+AFNetworking.m in Sources */ = {isa = PBXBuildFile; fileRef = C00D1D3218F67CA80026D610 /* UIWebView+AFNetworking.m */; };
		C00D1EBE18F680550026D610 /* Icon-iOS7@2x.png in Resources */ = {isa = PBXBuildFile; fileRef = C00D1EB718F680550026D610 /* Icon-iOS7@2x.png */; };
		C00D1EBF18F680550026D610 /* Icon-Small.png in Resources */ = {isa = PBXBuildFile; fileRef = C00D1EB818F680550026D610 /* Icon-Small.png */; };
		C00D1EC018F680550026D610 /* Icon-Small@2x.png in Resources */ = {isa = PBXBuildFile; fileRef = C00D1EB918F680550026D610 /* Icon-Small@2x.png */; };
		C00D1EC118F680550026D610 /* Icon.png in Resources */ = {isa = PBXBuildFile; fileRef = C00D1EBA18F680550026D610 /* Icon.png */; };
		C00D1EC218F680550026D610 /* Icon@2x.png in Resources */ = {isa = PBXBuildFile; fileRef = C00D1EBB18F680550026D610 /* Icon@2x.png */; };
		C00D1EC318F680550026D610 /* MBProgressHUD.m in Sources */ = {isa = PBXBuildFile; fileRef = C00D1EBD18F680550026D610 /* MBProgressHUD.m */; };
		C00D1ED318F6A4C30026D610 /* MJRefresh.bundle in Resources */ = {isa = PBXBuildFile; fileRef = C00D1EC918F6A4C30026D610 /* MJRefresh.bundle */; };
		C00D1ED418F6A4C30026D610 /* MJRefreshBaseView.m in Sources */ = {isa = PBXBuildFile; fileRef = C00D1ECC18F6A4C30026D610 /* MJRefreshBaseView.m */; };
		C00D1ED518F6A4C30026D610 /* MJRefreshConst.m in Sources */ = {isa = PBXBuildFile; fileRef = C00D1ECE18F6A4C30026D610 /* MJRefreshConst.m */; };
		C00D1ED618F6A4C30026D610 /* MJRefreshFooterView.m in Sources */ = {isa = PBXBuildFile; fileRef = C00D1ED018F6A4C30026D610 /* MJRefreshFooterView.m */; };
		C00D1ED718F6A4C30026D610 /* MJRefreshHeaderView.m in Sources */ = {isa = PBXBuildFile; fileRef = C00D1ED218F6A4C30026D610 /* MJRefreshHeaderView.m */; };
		C00D1EDF18F6AEF40026D610 /* TMCache.m in Sources */ = {isa = PBXBuildFile; fileRef = C00D1EDA18F6AEF40026D610 /* TMCache.m */; };
		C00D1EE018F6AEF40026D610 /* TMDiskCache.m in Sources */ = {isa = PBXBuildFile; fileRef = C00D1EDC18F6AEF40026D610 /* TMDiskCache.m */; };
		C00D1EE118F6AEF40026D610 /* TMMemoryCache.m in Sources */ = {isa = PBXBuildFile; fileRef = C00D1EDE18F6AEF40026D610 /* TMMemoryCache.m */; };
		C00D1EE618F6CF220026D610 /* RootViewController.m in Sources */ = {isa = PBXBuildFile; fileRef = C00D1EE518F6CF220026D610 /* RootViewController.m */; };
		C00D1EE918F6CFF60026D610 /* LogInViewController.m in Sources */ = {isa = PBXBuildFile; fileRef = C00D1EE818F6CFF60026D610 /* LogInViewController.m */; };
		C00D1EED18F6DCF90026D610 /* AssetsCheckViewController.m in Sources */ = {isa = PBXBuildFile; fileRef = C00D1EEC18F6DCF90026D610 /* AssetsCheckViewController.m */; };
		C00D1EF018F6E6A80026D610 /* AssignmentCheckViewController.m in Sources */ = {isa = PBXBuildFile; fileRef = C00D1EEF18F6E6A80026D610 /* AssignmentCheckViewController.m */; };
		C00E5B3B18FACF6E00C8AA43 /* AssetDetailCell.m in Sources */ = {isa = PBXBuildFile; fileRef = C00E5B3618FACF6E00C8AA43 /* AssetDetailCell.m */; };
		C00E5B3C18FACF6E00C8AA43 /* AssetDetailViewController.m in Sources */ = {isa = PBXBuildFile; fileRef = C00E5B3818FACF6E00C8AA43 /* AssetDetailViewController.m */; };
		C00E5B3D18FACF6E00C8AA43 /* PersonalAssetsViewController.m in Sources */ = {isa = PBXBuildFile; fileRef = C00E5B3A18FACF6E00C8AA43 /* PersonalAssetsViewController.m */; };
		C00E5B4118FAD42800C8AA43 /* ContactInfoViewController.m in Sources */ = {isa = PBXBuildFile; fileRef = C00E5B4018FAD42800C8AA43 /* ContactInfoViewController.m */; };
		C00E5B4418FAD45700C8AA43 /* ContactInfoCell.m in Sources */ = {isa = PBXBuildFile; fileRef = C00E5B4318FAD45700C8AA43 /* ContactInfoCell.m */; };
		C00E5B4718FAD94800C8AA43 /* ContactInfo.m in Sources */ = {isa = PBXBuildFile; fileRef = C00E5B4618FAD94800C8AA43 /* ContactInfo.m */; };
		C00EA52D18FC0C4C0093BC20 /* DiskCache.m in Sources */ = {isa = PBXBuildFile; fileRef = C00EA52C18FC0C4C0093BC20 /* DiskCache.m */; };
		C00EA53318FC18060093BC20 /* AssetImage.m in Sources */ = {isa = PBXBuildFile; fileRef = C00EA53218FC18060093BC20 /* AssetImage.m */; };
		C01582011907D521000AC2A4 /* 密码.png in Resources */ = {isa = PBXBuildFile; fileRef = C01581F91907D521000AC2A4 /* 密码.png */; };
		C01582021907D521000AC2A4 /* 框.png in Resources */ = {isa = PBXBuildFile; fileRef = C01581FA1907D521000AC2A4 /* 框.png */; };
		C01582031907D521000AC2A4 /* 框选中.png in Resources */ = {isa = PBXBuildFile; fileRef = C01581FB1907D521000AC2A4 /* 框选中.png */; };
		C01582041907D521000AC2A4 /* 用户名.png in Resources */ = {isa = PBXBuildFile; fileRef = C01581FC1907D521000AC2A4 /* 用户名.png */; };
		C01582051907D521000AC2A4 /* 登录按钮.png in Resources */ = {isa = PBXBuildFile; fileRef = C01581FD1907D521000AC2A4 /* 登录按钮.png */; };
		C01582061907D521000AC2A4 /* LogIn背景.png in Resources */ = {isa = PBXBuildFile; fileRef = C01581FE1907D521000AC2A4 /* LogIn背景.png */; };
		C01582071907D521000AC2A4 /* 选择框-1.png in Resources */ = {isa = PBXBuildFile; fileRef = C01581FF1907D521000AC2A4 /* 选择框-1.png */; };
		C01582081907D521000AC2A4 /* 选择框.png in Resources */ = {isa = PBXBuildFile; fileRef = C01582001907D521000AC2A4 /* 选择框.png */; };
		C015820A1907D7FB000AC2A4 /* logo.png in Resources */ = {isa = PBXBuildFile; fileRef = C01582091907D7FB000AC2A4 /* logo.png */; };
		C01582101907DF65000AC2A4 /* AssetsSearchViewController.m in Sources */ = {isa = PBXBuildFile; fileRef = C015820F1907DF65000AC2A4 /* AssetsSearchViewController.m */; };
		C015821F1908062E000AC2A4 /* 上导航.png in Resources */ = {isa = PBXBuildFile; fileRef = C01582121908062E000AC2A4 /* 上导航.png */; };
		C01582201908062E000AC2A4 /* 个人资产-1.png in Resources */ = {isa = PBXBuildFile; fileRef = C01582131908062E000AC2A4 /* 个人资产-1.png */; };
		C01582211908062E000AC2A4 /* 个人资产.png in Resources */ = {isa = PBXBuildFile; fileRef = C01582141908062E000AC2A4 /* 个人资产.png */; };
		C01582221908062E000AC2A4 /* 竖条.png in Resources */ = {isa = PBXBuildFile; fileRef = C01582151908062E000AC2A4 /* 竖条.png */; };
		C01582231908062E000AC2A4 /* 背景.png in Resources */ = {isa = PBXBuildFile; fileRef = C01582161908062E000AC2A4 /* 背景.png */; };
		C01582241908062E000AC2A4 /* 资产变更-1.png in Resources */ = {isa = PBXBuildFile; fileRef = C01582171908062E000AC2A4 /* 资产变更-1.png */; };
		C01582251908062E000AC2A4 /* 资产变更.png in Resources */ = {isa = PBXBuildFile; fileRef = C01582181908062E000AC2A4 /* 资产变更.png */; };
		C01582261908062E000AC2A4 /* 资产查询-1.png in Resources */ = {isa = PBXBuildFile; fileRef = C01582191908062E000AC2A4 /* 资产查询-1.png */; };
		C01582271908062E000AC2A4 /* 资产查询.png in Resources */ = {isa = PBXBuildFile; fileRef = C015821A1908062E000AC2A4 /* 资产查询.png */; };
		C01582281908062E000AC2A4 /* 资产申请流程-1.png in Resources */ = {isa = PBXBuildFile; fileRef = C015821B1908062E000AC2A4 /* 资产申请流程-1.png */; };
		C01582291908062E000AC2A4 /* 资产申请流程.png in Resources */ = {isa = PBXBuildFile; fileRef = C015821C1908062E000AC2A4 /* 资产申请流程.png */; };
		C015822A1908062E000AC2A4 /* 资产盘点-1.png in Resources */ = {isa = PBXBuildFile; fileRef = C015821D1908062E000AC2A4 /* 资产盘点-1.png */; };
		C015822B1908062E000AC2A4 /* 资产盘点.png in Resources */ = {isa = PBXBuildFile; fileRef = C015821E1908062E000AC2A4 /* 资产盘点.png */; };
		C015823219082886000AC2A4 /* logo-1.png in Resources */ = {isa = PBXBuildFile; fileRef = C015822D19082886000AC2A4 /* logo-1.png */; };
		C015823319082886000AC2A4 /* 背景-1.png in Resources */ = {isa = PBXBuildFile; fileRef = C015822E19082886000AC2A4 /* 背景-1.png */; };
		C015823419082886000AC2A4 /* 背景-2.png in Resources */ = {isa = PBXBuildFile; fileRef = C015822F19082886000AC2A4 /* 背景-2.png */; };
		C015823519082886000AC2A4 /* 设置按钮.png in Resources */ = {isa = PBXBuildFile; fileRef = C015823019082886000AC2A4 /* 设置按钮.png */; };
		C015823619082886000AC2A4 /* 选择按钮.png in Resources */ = {isa = PBXBuildFile; fileRef = C015823119082886000AC2A4 /* 选择按钮.png */; };
		C015823819083994000AC2A4 /* 导航.png in Resources */ = {isa = PBXBuildFile; fileRef = C015823719083994000AC2A4 /* 导航.png */; };
		C015823A19083AFC000AC2A4 /* 箭头.png in Resources */ = {isa = PBXBuildFile; fileRef = C015823919083AFC000AC2A4 /* 箭头.png */; };
		C02BE8B719093AA400A697BD /* AssignmentCheckCell.m in Sources */ = {isa = PBXBuildFile; fileRef = C02BE8B619093AA400A697BD /* AssignmentCheckCell.m */; };
		C02BE8B91909489700A697BD /* AVFoundation.framework in Frameworks */ = {isa = PBXBuildFile; fileRef = C02BE8B81909489700A697BD /* AVFoundation.framework */; };
		C02BE8BB190948AE00A697BD /* CoreMedia.framework in Frameworks */ = {isa = PBXBuildFile; fileRef = C02BE8BA190948AE00A697BD /* CoreMedia.framework */; };
		C02BE8BD190948BF00A697BD /* CoreVideo.framework in Frameworks */ = {isa = PBXBuildFile; fileRef = C02BE8BC190948BF00A697BD /* CoreVideo.framework */; };
		C02BE8BF190948D200A697BD /* QuartzCore.framework in Frameworks */ = {isa = PBXBuildFile; fileRef = C02BE8BE190948D200A697BD /* QuartzCore.framework */; };
		C02BE8C1190948E300A697BD /* libiconv.dylib in Frameworks */ = {isa = PBXBuildFile; fileRef = C02BE8C0190948E300A697BD /* libiconv.dylib */; };
		C03B26FF1908EC6600479408 /* SearchDetailViewController.m in Sources */ = {isa = PBXBuildFile; fileRef = C03B26FE1908EC6600479408 /* SearchDetailViewController.m */; };
		C03B27021908EDB100479408 /* SearchDetailCell.m in Sources */ = {isa = PBXBuildFile; fileRef = C03B27011908EDB100479408 /* SearchDetailCell.m */; };
		C064A97C18F78B6E004C8774 /* AssetCell.m in Sources */ = {isa = PBXBuildFile; fileRef = C064A97B18F78B6E004C8774 /* AssetCell.m */; };
		C0702BDE1904B47A00C095EB /* GDataXMLNode.m in Sources */ = {isa = PBXBuildFile; fileRef = C0702BDD1904B47A00C095EB /* GDataXMLNode.m */; settings = {COMPILER_FLAGS = "-fno-objc-arc"; }; };
		C0702BE01904B4B200C095EB /* libxml2.dylib in Frameworks */ = {isa = PBXBuildFile; fileRef = C0702BDF1904B4B200C095EB /* libxml2.dylib */; };
		C0702BE31905041F00C095EB /* AssetChangeViewController.m in Sources */ = {isa = PBXBuildFile; fileRef = C0702BE21905041F00C095EB /* AssetChangeViewController.m */; };
		C0702BE61905046F00C095EB /* AssetChangeCell.m in Sources */ = {isa = PBXBuildFile; fileRef = C0702BE51905046F00C095EB /* AssetChangeCell.m */; };
		C0702BF41905126E00C095EB /* check@2x.png in Resources */ = {isa = PBXBuildFile; fileRef = C0702BF01905126E00C095EB /* check@2x.png */; };
		C0702BF51905126E00C095EB /* check.png in Resources */ = {isa = PBXBuildFile; fileRef = C0702BF11905126E00C095EB /* check.png */; };
		C0702BF61905126E00C095EB /* uncheck@2x.png in Resources */ = {isa = PBXBuildFile; fileRef = C0702BF21905126E00C095EB /* uncheck@2x.png */; };
		C0702BF71905126E00C095EB /* uncheck.png in Resources */ = {isa = PBXBuildFile; fileRef = C0702BF31905126E00C095EB /* uncheck.png */; };
		C0702BFB1906318B00C095EB /* UserDefaults.m in Sources */ = {isa = PBXBuildFile; fileRef = C0702BFA1906318B00C095EB /* UserDefaults.m */; };
		C072490C190A311500881EC9 /* libzbar.a in Frameworks */ = {isa = PBXBuildFile; fileRef = C0724906190A311500881EC9 /* libzbar.a */; };
		C072490D190A311500881EC9 /* zbar-back.png in Resources */ = {isa = PBXBuildFile; fileRef = C0724908190A311500881EC9 /* zbar-back.png */; };
		C072490E190A311500881EC9 /* zbar-help.html in Resources */ = {isa = PBXBuildFile; fileRef = C0724909190A311500881EC9 /* zbar-help.html */; };
		C072490F190A311500881EC9 /* zbar-helpicons.png in Resources */ = {isa = PBXBuildFile; fileRef = C072490A190A311500881EC9 /* zbar-helpicons.png */; };
		C0724910190A311500881EC9 /* zbar-samples.png in Resources */ = {isa = PBXBuildFile; fileRef = C072490B190A311500881EC9 /* zbar-samples.png */; };
		C072493B190A4CE600881EC9 /* DirectCheckTableViewController.m in Sources */ = {isa = PBXBuildFile; fileRef = C072493A190A4CE600881EC9 /* DirectCheckTableViewController.m */; };
		C072493E190A731A00881EC9 /* DirectCheckCell.m in Sources */ = {isa = PBXBuildFile; fileRef = C072493D190A731A00881EC9 /* DirectCheckCell.m */; };
		C0BE813D1900012B00AE1B1A /* SetUpViewController.m in Sources */ = {isa = PBXBuildFile; fileRef = C0BE813C1900012B00AE1B1A /* SetUpViewController.m */; };
		C0BE81431900199F00AE1B1A /* HelpViewController.m in Sources */ = {isa = PBXBuildFile; fileRef = C0BE81421900199F00AE1B1A /* HelpViewController.m */; };
		C0C7B9D118F7B3F300566E3E /* AssetInfo.m in Sources */ = {isa = PBXBuildFile; fileRef = C0C7B9D018F7B3F300566E3E /* AssetInfo.m */; };
		C0EEE6771902EF480093B619 /* JiaoTongBuClient.m in Sources */ = {isa = PBXBuildFile; fileRef = C0EEE6761902EF480093B619 /* JiaoTongBuClient.m */; };
		C0FD63771912A9AD003088A6 /* ReadViewController.m in Sources */ = {isa = PBXBuildFile; fileRef = C0FD63761912A9AD003088A6 /* ReadViewController.m */; };
/* End PBXBuildFile section */

/* Begin PBXContainerItemProxy section */
		C00D1C8C18F6784F0026D610 /* PBXContainerItemProxy */ = {
			isa = PBXContainerItemProxy;
			containerPortal = C00D1C5E18F6784F0026D610 /* Project object */;
			proxyType = 1;
			remoteGlobalIDString = C00D1C6518F6784F0026D610;
			remoteInfo = JiaoTongBu;
		};
/* End PBXContainerItemProxy section */

/* Begin PBXFileReference section */
		C00D1C6618F6784F0026D610 /* JiaoTongBu.app */ = {isa = PBXFileReference; explicitFileType = wrapper.application; includeInIndex = 0; path = JiaoTongBu.app; sourceTree = BUILT_PRODUCTS_DIR; };
		C00D1C6918F6784F0026D610 /* Foundation.framework */ = {isa = PBXFileReference; lastKnownFileType = wrapper.framework; name = Foundation.framework; path = System/Library/Frameworks/Foundation.framework; sourceTree = SDKROOT; };
		C00D1C6B18F6784F0026D610 /* CoreGraphics.framework */ = {isa = PBXFileReference; lastKnownFileType = wrapper.framework; name = CoreGraphics.framework; path = System/Library/Frameworks/CoreGraphics.framework; sourceTree = SDKROOT; };
		C00D1C6D18F6784F0026D610 /* UIKit.framework */ = {isa = PBXFileReference; lastKnownFileType = wrapper.framework; name = UIKit.framework; path = System/Library/Frameworks/UIKit.framework; sourceTree = SDKROOT; };
		C00D1C7118F6784F0026D610 /* JiaoTongBu-Info.plist */ = {isa = PBXFileReference; lastKnownFileType = text.plist.xml; path = "JiaoTongBu-Info.plist"; sourceTree = "<group>"; };
		C00D1C7318F6784F0026D610 /* en */ = {isa = PBXFileReference; lastKnownFileType = text.plist.strings; name = en; path = en.lproj/InfoPlist.strings; sourceTree = "<group>"; };
		C00D1C7518F6784F0026D610 /* main.m */ = {isa = PBXFileReference; lastKnownFileType = sourcecode.c.objc; path = main.m; sourceTree = "<group>"; };
		C00D1C7718F6784F0026D610 /* JiaoTongBu-Prefix.pch */ = {isa = PBXFileReference; lastKnownFileType = sourcecode.c.h; path = "JiaoTongBu-Prefix.pch"; sourceTree = "<group>"; };
		C00D1C7818F6784F0026D610 /* AppDelegate.h */ = {isa = PBXFileReference; lastKnownFileType = sourcecode.c.h; path = AppDelegate.h; sourceTree = "<group>"; };
		C00D1C7918F6784F0026D610 /* AppDelegate.m */ = {isa = PBXFileReference; lastKnownFileType = sourcecode.c.objc; path = AppDelegate.m; sourceTree = "<group>"; };
		C00D1C7C18F6784F0026D610 /* Base */ = {isa = PBXFileReference; lastKnownFileType = file.storyboard; name = Base; path = Base.lproj/Main.storyboard; sourceTree = "<group>"; };
		C00D1C7E18F6784F0026D610 /* ViewController.h */ = {isa = PBXFileReference; lastKnownFileType = sourcecode.c.h; path = ViewController.h; sourceTree = "<group>"; };
		C00D1C7F18F6784F0026D610 /* ViewController.m */ = {isa = PBXFileReference; lastKnownFileType = sourcecode.c.objc; path = ViewController.m; sourceTree = "<group>"; };
		C00D1C8118F6784F0026D610 /* Images.xcassets */ = {isa = PBXFileReference; lastKnownFileType = folder.assetcatalog; path = Images.xcassets; sourceTree = "<group>"; };
		C00D1C8718F6784F0026D610 /* JiaoTongBuTests.xctest */ = {isa = PBXFileReference; explicitFileType = wrapper.cfbundle; includeInIndex = 0; path = JiaoTongBuTests.xctest; sourceTree = BUILT_PRODUCTS_DIR; };
		C00D1C8818F6784F0026D610 /* XCTest.framework */ = {isa = PBXFileReference; lastKnownFileType = wrapper.framework; name = XCTest.framework; path = Library/Frameworks/XCTest.framework; sourceTree = DEVELOPER_DIR; };
		C00D1C9018F6784F0026D610 /* JiaoTongBuTests-Info.plist */ = {isa = PBXFileReference; lastKnownFileType = text.plist.xml; path = "JiaoTongBuTests-Info.plist"; sourceTree = "<group>"; };
		C00D1C9218F6784F0026D610 /* en */ = {isa = PBXFileReference; lastKnownFileType = text.plist.strings; name = en; path = en.lproj/InfoPlist.strings; sourceTree = "<group>"; };
		C00D1C9418F6784F0026D610 /* JiaoTongBuTests.m */ = {isa = PBXFileReference; lastKnownFileType = sourcecode.c.objc; path = JiaoTongBuTests.m; sourceTree = "<group>"; };
		C00D1D0E18F67CA80026D610 /* AFHTTPRequestOperation.h */ = {isa = PBXFileReference; fileEncoding = 4; lastKnownFileType = sourcecode.c.h; path = AFHTTPRequestOperation.h; sourceTree = "<group>"; };
		C00D1D0F18F67CA80026D610 /* AFHTTPRequestOperation.m */ = {isa = PBXFileReference; fileEncoding = 4; lastKnownFileType = sourcecode.c.objc; path = AFHTTPRequestOperation.m; sourceTree = "<group>"; };
		C00D1D1018F67CA80026D610 /* AFHTTPRequestOperationManager.h */ = {isa = PBXFileReference; fileEncoding = 4; lastKnownFileType = sourcecode.c.h; path = AFHTTPRequestOperationManager.h; sourceTree = "<group>"; };
		C00D1D1118F67CA80026D610 /* AFHTTPRequestOperationManager.m */ = {isa = PBXFileReference; fileEncoding = 4; lastKnownFileType = sourcecode.c.objc; path = AFHTTPRequestOperationManager.m; sourceTree = "<group>"; };
		C00D1D1218F67CA80026D610 /* AFHTTPSessionManager.h */ = {isa = PBXFileReference; fileEncoding = 4; lastKnownFileType = sourcecode.c.h; path = AFHTTPSessionManager.h; sourceTree = "<group>"; };
		C00D1D1318F67CA80026D610 /* AFHTTPSessionManager.m */ = {isa = PBXFileReference; fileEncoding = 4; lastKnownFileType = sourcecode.c.objc; path = AFHTTPSessionManager.m; sourceTree = "<group>"; };
		C00D1D1418F67CA80026D610 /* AFNetworking.h */ = {isa = PBXFileReference; fileEncoding = 4; lastKnownFileType = sourcecode.c.h; path = AFNetworking.h; sourceTree = "<group>"; };
		C00D1D1518F67CA80026D610 /* AFNetworkReachabilityManager.h */ = {isa = PBXFileReference; fileEncoding = 4; lastKnownFileType = sourcecode.c.h; path = AFNetworkReachabilityManager.h; sourceTree = "<group>"; };
		C00D1D1618F67CA80026D610 /* AFNetworkReachabilityManager.m */ = {isa = PBXFileReference; fileEncoding = 4; lastKnownFileType = sourcecode.c.objc; path = AFNetworkReachabilityManager.m; sourceTree = "<group>"; };
		C00D1D1718F67CA80026D610 /* AFSecurityPolicy.h */ = {isa = PBXFileReference; fileEncoding = 4; lastKnownFileType = sourcecode.c.h; path = AFSecurityPolicy.h; sourceTree = "<group>"; };
		C00D1D1818F67CA80026D610 /* AFSecurityPolicy.m */ = {isa = PBXFileReference; fileEncoding = 4; lastKnownFileType = sourcecode.c.objc; path = AFSecurityPolicy.m; sourceTree = "<group>"; };
		C00D1D1918F67CA80026D610 /* AFURLConnectionOperation.h */ = {isa = PBXFileReference; fileEncoding = 4; lastKnownFileType = sourcecode.c.h; path = AFURLConnectionOperation.h; sourceTree = "<group>"; };
		C00D1D1A18F67CA80026D610 /* AFURLConnectionOperation.m */ = {isa = PBXFileReference; fileEncoding = 4; lastKnownFileType = sourcecode.c.objc; path = AFURLConnectionOperation.m; sourceTree = "<group>"; };
		C00D1D1B18F67CA80026D610 /* AFURLRequestSerialization.h */ = {isa = PBXFileReference; fileEncoding = 4; lastKnownFileType = sourcecode.c.h; path = AFURLRequestSerialization.h; sourceTree = "<group>"; };
		C00D1D1C18F67CA80026D610 /* AFURLRequestSerialization.m */ = {isa = PBXFileReference; fileEncoding = 4; lastKnownFileType = sourcecode.c.objc; path = AFURLRequestSerialization.m; sourceTree = "<group>"; };
		C00D1D1D18F67CA80026D610 /* AFURLResponseSerialization.h */ = {isa = PBXFileReference; fileEncoding = 4; lastKnownFileType = sourcecode.c.h; path = AFURLResponseSerialization.h; sourceTree = "<group>"; };
		C00D1D1E18F67CA80026D610 /* AFURLResponseSerialization.m */ = {isa = PBXFileReference; fileEncoding = 4; lastKnownFileType = sourcecode.c.objc; path = AFURLResponseSerialization.m; sourceTree = "<group>"; };
		C00D1D1F18F67CA80026D610 /* AFURLSessionManager.h */ = {isa = PBXFileReference; fileEncoding = 4; lastKnownFileType = sourcecode.c.h; path = AFURLSessionManager.h; sourceTree = "<group>"; };
		C00D1D2018F67CA80026D610 /* AFURLSessionManager.m */ = {isa = PBXFileReference; fileEncoding = 4; lastKnownFileType = sourcecode.c.objc; path = AFURLSessionManager.m; sourceTree = "<group>"; };
		C00D1D2218F67CA80026D610 /* AFNetworkActivityIndicatorManager.h */ = {isa = PBXFileReference; fileEncoding = 4; lastKnownFileType = sourcecode.c.h; path = AFNetworkActivityIndicatorManager.h; sourceTree = "<group>"; };
		C00D1D2318F67CA80026D610 /* AFNetworkActivityIndicatorManager.m */ = {isa = PBXFileReference; fileEncoding = 4; lastKnownFileType = sourcecode.c.objc; path = AFNetworkActivityIndicatorManager.m; sourceTree = "<group>"; };
		C00D1D2418F67CA80026D610 /* UIActivityIndicatorView+AFNetworking.h */ = {isa = PBXFileReference; fileEncoding = 4; lastKnownFileType = sourcecode.c.h; path = "UIActivityIndicatorView+AFNetworking.h"; sourceTree = "<group>"; };
		C00D1D2518F67CA80026D610 /* UIActivityIndicatorView+AFNetworking.m */ = {isa = PBXFileReference; fileEncoding = 4; lastKnownFileType = sourcecode.c.objc; path = "UIActivityIndicatorView+AFNetworking.m"; sourceTree = "<group>"; };
		C00D1D2618F67CA80026D610 /* UIAlertView+AFNetworking.h */ = {isa = PBXFileReference; fileEncoding = 4; lastKnownFileType = sourcecode.c.h; path = "UIAlertView+AFNetworking.h"; sourceTree = "<group>"; };
		C00D1D2718F67CA80026D610 /* UIAlertView+AFNetworking.m */ = {isa = PBXFileReference; fileEncoding = 4; lastKnownFileType = sourcecode.c.objc; path = "UIAlertView+AFNetworking.m"; sourceTree = "<group>"; };
		C00D1D2818F67CA80026D610 /* UIButton+AFNetworking.h */ = {isa = PBXFileReference; fileEncoding = 4; lastKnownFileType = sourcecode.c.h; path = "UIButton+AFNetworking.h"; sourceTree = "<group>"; };
		C00D1D2918F67CA80026D610 /* UIButton+AFNetworking.m */ = {isa = PBXFileReference; fileEncoding = 4; lastKnownFileType = sourcecode.c.objc; path = "UIButton+AFNetworking.m"; sourceTree = "<group>"; };
		C00D1D2A18F67CA80026D610 /* UIImageView+AFNetworking.h */ = {isa = PBXFileReference; fileEncoding = 4; lastKnownFileType = sourcecode.c.h; path = "UIImageView+AFNetworking.h"; sourceTree = "<group>"; };
		C00D1D2B18F67CA80026D610 /* UIImageView+AFNetworking.m */ = {isa = PBXFileReference; fileEncoding = 4; lastKnownFileType = sourcecode.c.objc; path = "UIImageView+AFNetworking.m"; sourceTree = "<group>"; };
		C00D1D2C18F67CA80026D610 /* UIKit+AFNetworking.h */ = {isa = PBXFileReference; fileEncoding = 4; lastKnownFileType = sourcecode.c.h; path = "UIKit+AFNetworking.h"; sourceTree = "<group>"; };
		C00D1D2D18F67CA80026D610 /* UIProgressView+AFNetworking.h */ = {isa = PBXFileReference; fileEncoding = 4; lastKnownFileType = sourcecode.c.h; path = "UIProgressView+AFNetworking.h"; sourceTree = "<group>"; };
		C00D1D2E18F67CA80026D610 /* UIProgressView+AFNetworking.m */ = {isa = PBXFileReference; fileEncoding = 4; lastKnownFileType = sourcecode.c.objc; path = "UIProgressView+AFNetworking.m"; sourceTree = "<group>"; };
		C00D1D2F18F67CA80026D610 /* UIRefreshControl+AFNetworking.h */ = {isa = PBXFileReference; fileEncoding = 4; lastKnownFileType = sourcecode.c.h; path = "UIRefreshControl+AFNetworking.h"; sourceTree = "<group>"; };
		C00D1D3018F67CA80026D610 /* UIRefreshControl+AFNetworking.m */ = {isa = PBXFileReference; fileEncoding = 4; lastKnownFileType = sourcecode.c.objc; path = "UIRefreshControl+AFNetworking.m"; sourceTree = "<group>"; };
		C00D1D3118F67CA80026D610 /* UIWebView+AFNetworking.h */ = {isa = PBXFileReference; fileEncoding = 4; lastKnownFileType = sourcecode.c.h; path = "UIWebView+AFNetworking.h"; sourceTree = "<group>"; };
		C00D1D3218F67CA80026D610 /* UIWebView+AFNetworking.m */ = {isa = PBXFileReference; fileEncoding = 4; lastKnownFileType = sourcecode.c.objc; path = "UIWebView+AFNetworking.m"; sourceTree = "<group>"; };
		C00D1EB718F680550026D610 /* Icon-iOS7@2x.png */ = {isa = PBXFileReference; lastKnownFileType = image.png; path = "Icon-iOS7@2x.png"; sourceTree = "<group>"; };
		C00D1EB818F680550026D610 /* Icon-Small.png */ = {isa = PBXFileReference; lastKnownFileType = image.png; path = "Icon-Small.png"; sourceTree = "<group>"; };
		C00D1EB918F680550026D610 /* Icon-Small@2x.png */ = {isa = PBXFileReference; lastKnownFileType = image.png; path = "Icon-Small@2x.png"; sourceTree = "<group>"; };
		C00D1EBA18F680550026D610 /* Icon.png */ = {isa = PBXFileReference; lastKnownFileType = image.png; path = Icon.png; sourceTree = "<group>"; };
		C00D1EBB18F680550026D610 /* Icon@2x.png */ = {isa = PBXFileReference; lastKnownFileType = image.png; path = "Icon@2x.png"; sourceTree = "<group>"; };
		C00D1EBC18F680550026D610 /* MBProgressHUD.h */ = {isa = PBXFileReference; fileEncoding = 4; lastKnownFileType = sourcecode.c.h; path = MBProgressHUD.h; sourceTree = "<group>"; };
		C00D1EBD18F680550026D610 /* MBProgressHUD.m */ = {isa = PBXFileReference; fileEncoding = 4; lastKnownFileType = sourcecode.c.objc; path = MBProgressHUD.m; sourceTree = "<group>"; };
		C00D1EC918F6A4C30026D610 /* MJRefresh.bundle */ = {isa = PBXFileReference; lastKnownFileType = "wrapper.plug-in"; path = MJRefresh.bundle; sourceTree = "<group>"; };
		C00D1ECA18F6A4C30026D610 /* MJRefresh.h */ = {isa = PBXFileReference; fileEncoding = 4; lastKnownFileType = sourcecode.c.h; path = MJRefresh.h; sourceTree = "<group>"; };
		C00D1ECB18F6A4C30026D610 /* MJRefreshBaseView.h */ = {isa = PBXFileReference; fileEncoding = 4; lastKnownFileType = sourcecode.c.h; path = MJRefreshBaseView.h; sourceTree = "<group>"; };
		C00D1ECC18F6A4C30026D610 /* MJRefreshBaseView.m */ = {isa = PBXFileReference; fileEncoding = 4; lastKnownFileType = sourcecode.c.objc; path = MJRefreshBaseView.m; sourceTree = "<group>"; };
		C00D1ECD18F6A4C30026D610 /* MJRefreshConst.h */ = {isa = PBXFileReference; fileEncoding = 4; lastKnownFileType = sourcecode.c.h; path = MJRefreshConst.h; sourceTree = "<group>"; };
		C00D1ECE18F6A4C30026D610 /* MJRefreshConst.m */ = {isa = PBXFileReference; fileEncoding = 4; lastKnownFileType = sourcecode.c.objc; path = MJRefreshConst.m; sourceTree = "<group>"; };
		C00D1ECF18F6A4C30026D610 /* MJRefreshFooterView.h */ = {isa = PBXFileReference; fileEncoding = 4; lastKnownFileType = sourcecode.c.h; path = MJRefreshFooterView.h; sourceTree = "<group>"; };
		C00D1ED018F6A4C30026D610 /* MJRefreshFooterView.m */ = {isa = PBXFileReference; fileEncoding = 4; lastKnownFileType = sourcecode.c.objc; path = MJRefreshFooterView.m; sourceTree = "<group>"; };
		C00D1ED118F6A4C30026D610 /* MJRefreshHeaderView.h */ = {isa = PBXFileReference; fileEncoding = 4; lastKnownFileType = sourcecode.c.h; path = MJRefreshHeaderView.h; sourceTree = "<group>"; };
		C00D1ED218F6A4C30026D610 /* MJRefreshHeaderView.m */ = {isa = PBXFileReference; fileEncoding = 4; lastKnownFileType = sourcecode.c.objc; path = MJRefreshHeaderView.m; sourceTree = "<group>"; };
		C00D1ED918F6AEF40026D610 /* TMCache.h */ = {isa = PBXFileReference; fileEncoding = 4; lastKnownFileType = sourcecode.c.h; path = TMCache.h; sourceTree = "<group>"; };
		C00D1EDA18F6AEF40026D610 /* TMCache.m */ = {isa = PBXFileReference; fileEncoding = 4; lastKnownFileType = sourcecode.c.objc; path = TMCache.m; sourceTree = "<group>"; };
		C00D1EDB18F6AEF40026D610 /* TMDiskCache.h */ = {isa = PBXFileReference; fileEncoding = 4; lastKnownFileType = sourcecode.c.h; path = TMDiskCache.h; sourceTree = "<group>"; };
		C00D1EDC18F6AEF40026D610 /* TMDiskCache.m */ = {isa = PBXFileReference; fileEncoding = 4; lastKnownFileType = sourcecode.c.objc; path = TMDiskCache.m; sourceTree = "<group>"; };
		C00D1EDD18F6AEF40026D610 /* TMMemoryCache.h */ = {isa = PBXFileReference; fileEncoding = 4; lastKnownFileType = sourcecode.c.h; path = TMMemoryCache.h; sourceTree = "<group>"; };
		C00D1EDE18F6AEF40026D610 /* TMMemoryCache.m */ = {isa = PBXFileReference; fileEncoding = 4; lastKnownFileType = sourcecode.c.objc; path = TMMemoryCache.m; sourceTree = "<group>"; };
		C00D1EE418F6CF220026D610 /* RootViewController.h */ = {isa = PBXFileReference; fileEncoding = 4; lastKnownFileType = sourcecode.c.h; path = RootViewController.h; sourceTree = "<group>"; };
		C00D1EE518F6CF220026D610 /* RootViewController.m */ = {isa = PBXFileReference; fileEncoding = 4; lastKnownFileType = sourcecode.c.objc; path = RootViewController.m; sourceTree = "<group>"; };
		C00D1EE718F6CFF60026D610 /* LogInViewController.h */ = {isa = PBXFileReference; fileEncoding = 4; lastKnownFileType = sourcecode.c.h; name = LogInViewController.h; path = LogInViewController/LogInViewController.h; sourceTree = SOURCE_ROOT; };
		C00D1EE818F6CFF60026D610 /* LogInViewController.m */ = {isa = PBXFileReference; fileEncoding = 4; lastKnownFileType = sourcecode.c.objc; name = LogInViewController.m; path = LogInViewController/LogInViewController.m; sourceTree = SOURCE_ROOT; };
		C00D1EEB18F6DCF90026D610 /* AssetsCheckViewController.h */ = {isa = PBXFileReference; fileEncoding = 4; lastKnownFileType = sourcecode.c.h; path = AssetsCheckViewController.h; sourceTree = "<group>"; };
		C00D1EEC18F6DCF90026D610 /* AssetsCheckViewController.m */ = {isa = PBXFileReference; fileEncoding = 4; lastKnownFileType = sourcecode.c.objc; path = AssetsCheckViewController.m; sourceTree = "<group>"; };
		C00D1EEE18F6E6A80026D610 /* AssignmentCheckViewController.h */ = {isa = PBXFileReference; fileEncoding = 4; lastKnownFileType = sourcecode.c.h; path = AssignmentCheckViewController.h; sourceTree = "<group>"; };
		C00D1EEF18F6E6A80026D610 /* AssignmentCheckViewController.m */ = {isa = PBXFileReference; fileEncoding = 4; lastKnownFileType = sourcecode.c.objc; path = AssignmentCheckViewController.m; sourceTree = "<group>"; };
		C00E5B3518FACF6E00C8AA43 /* AssetDetailCell.h */ = {isa = PBXFileReference; fileEncoding = 4; lastKnownFileType = sourcecode.c.h; path = AssetDetailCell.h; sourceTree = "<group>"; };
		C00E5B3618FACF6E00C8AA43 /* AssetDetailCell.m */ = {isa = PBXFileReference; fileEncoding = 4; lastKnownFileType = sourcecode.c.objc; path = AssetDetailCell.m; sourceTree = "<group>"; };
		C00E5B3718FACF6E00C8AA43 /* AssetDetailViewController.h */ = {isa = PBXFileReference; fileEncoding = 4; lastKnownFileType = sourcecode.c.h; path = AssetDetailViewController.h; sourceTree = "<group>"; };
		C00E5B3818FACF6E00C8AA43 /* AssetDetailViewController.m */ = {isa = PBXFileReference; fileEncoding = 4; lastKnownFileType = sourcecode.c.objc; path = AssetDetailViewController.m; sourceTree = "<group>"; };
		C00E5B3918FACF6E00C8AA43 /* PersonalAssetsViewController.h */ = {isa = PBXFileReference; fileEncoding = 4; lastKnownFileType = sourcecode.c.h; path = PersonalAssetsViewController.h; sourceTree = "<group>"; };
		C00E5B3A18FACF6E00C8AA43 /* PersonalAssetsViewController.m */ = {isa = PBXFileReference; fileEncoding = 4; lastKnownFileType = sourcecode.c.objc; path = PersonalAssetsViewController.m; sourceTree = "<group>"; };
		C00E5B3F18FAD42800C8AA43 /* ContactInfoViewController.h */ = {isa = PBXFileReference; fileEncoding = 4; lastKnownFileType = sourcecode.c.h; path = ContactInfoViewController.h; sourceTree = "<group>"; };
		C00E5B4018FAD42800C8AA43 /* ContactInfoViewController.m */ = {isa = PBXFileReference; fileEncoding = 4; lastKnownFileType = sourcecode.c.objc; path = ContactInfoViewController.m; sourceTree = "<group>"; };
		C00E5B4218FAD45700C8AA43 /* ContactInfoCell.h */ = {isa = PBXFileReference; fileEncoding = 4; lastKnownFileType = sourcecode.c.h; path = ContactInfoCell.h; sourceTree = "<group>"; };
		C00E5B4318FAD45700C8AA43 /* ContactInfoCell.m */ = {isa = PBXFileReference; fileEncoding = 4; lastKnownFileType = sourcecode.c.objc; path = ContactInfoCell.m; sourceTree = "<group>"; };
		C00E5B4518FAD94800C8AA43 /* ContactInfo.h */ = {isa = PBXFileReference; fileEncoding = 4; lastKnownFileType = sourcecode.c.h; path = ContactInfo.h; sourceTree = "<group>"; };
		C00E5B4618FAD94800C8AA43 /* ContactInfo.m */ = {isa = PBXFileReference; fileEncoding = 4; lastKnownFileType = sourcecode.c.objc; path = ContactInfo.m; sourceTree = "<group>"; };
		C00EA52B18FC0C4C0093BC20 /* DiskCache.h */ = {isa = PBXFileReference; fileEncoding = 4; lastKnownFileType = sourcecode.c.h; path = DiskCache.h; sourceTree = "<group>"; };
		C00EA52C18FC0C4C0093BC20 /* DiskCache.m */ = {isa = PBXFileReference; fileEncoding = 4; lastKnownFileType = sourcecode.c.objc; path = DiskCache.m; sourceTree = "<group>"; };
		C00EA53118FC18060093BC20 /* AssetImage.h */ = {isa = PBXFileReference; fileEncoding = 4; lastKnownFileType = sourcecode.c.h; path = AssetImage.h; sourceTree = "<group>"; };
		C00EA53218FC18060093BC20 /* AssetImage.m */ = {isa = PBXFileReference; fileEncoding = 4; lastKnownFileType = sourcecode.c.objc; path = AssetImage.m; sourceTree = "<group>"; };
		C01581F91907D521000AC2A4 /* 密码.png */ = {isa = PBXFileReference; lastKnownFileType = image.png; path = "密码.png"; sourceTree = "<group>"; };
		C01581FA1907D521000AC2A4 /* 框.png */ = {isa = PBXFileReference; lastKnownFileType = image.png; path = "框.png"; sourceTree = "<group>"; };
		C01581FB1907D521000AC2A4 /* 框选中.png */ = {isa = PBXFileReference; lastKnownFileType = image.png; path = "框选中.png"; sourceTree = "<group>"; };
		C01581FC1907D521000AC2A4 /* 用户名.png */ = {isa = PBXFileReference; lastKnownFileType = image.png; path = "用户名.png"; sourceTree = "<group>"; };
		C01581FD1907D521000AC2A4 /* 登录按钮.png */ = {isa = PBXFileReference; lastKnownFileType = image.png; path = "登录按钮.png"; sourceTree = "<group>"; };
		C01581FE1907D521000AC2A4 /* LogIn背景.png */ = {isa = PBXFileReference; lastKnownFileType = image.png; path = "LogIn背景.png"; sourceTree = "<group>"; };
		C01581FF1907D521000AC2A4 /* 选择框-1.png */ = {isa = PBXFileReference; lastKnownFileType = image.png; path = "选择框-1.png"; sourceTree = "<group>"; };
		C01582001907D521000AC2A4 /* 选择框.png */ = {isa = PBXFileReference; lastKnownFileType = image.png; path = "选择框.png"; sourceTree = "<group>"; };
		C01582091907D7FB000AC2A4 /* logo.png */ = {isa = PBXFileReference; lastKnownFileType = image.png; path = logo.png; sourceTree = "<group>"; };
		C015820E1907DF65000AC2A4 /* AssetsSearchViewController.h */ = {isa = PBXFileReference; fileEncoding = 4; lastKnownFileType = sourcecode.c.h; path = AssetsSearchViewController.h; sourceTree = "<group>"; };
		C015820F1907DF65000AC2A4 /* AssetsSearchViewController.m */ = {isa = PBXFileReference; fileEncoding = 4; lastKnownFileType = sourcecode.c.objc; path = AssetsSearchViewController.m; sourceTree = "<group>"; };
		C01582121908062E000AC2A4 /* 上导航.png */ = {isa = PBXFileReference; lastKnownFileType = image.png; path = "上导航.png"; sourceTree = "<group>"; };
		C01582131908062E000AC2A4 /* 个人资产-1.png */ = {isa = PBXFileReference; lastKnownFileType = image.png; path = "个人资产-1.png"; sourceTree = "<group>"; };
		C01582141908062E000AC2A4 /* 个人资产.png */ = {isa = PBXFileReference; lastKnownFileType = image.png; path = "个人资产.png"; sourceTree = "<group>"; };
		C01582151908062E000AC2A4 /* 竖条.png */ = {isa = PBXFileReference; lastKnownFileType = image.png; path = "竖条.png"; sourceTree = "<group>"; };
		C01582161908062E000AC2A4 /* 背景.png */ = {isa = PBXFileReference; lastKnownFileType = image.png; path = "背景.png"; sourceTree = "<group>"; };
		C01582171908062E000AC2A4 /* 资产变更-1.png */ = {isa = PBXFileReference; lastKnownFileType = image.png; path = "资产变更-1.png"; sourceTree = "<group>"; };
		C01582181908062E000AC2A4 /* 资产变更.png */ = {isa = PBXFileReference; lastKnownFileType = image.png; path = "资产变更.png"; sourceTree = "<group>"; };
		C01582191908062E000AC2A4 /* 资产查询-1.png */ = {isa = PBXFileReference; lastKnownFileType = image.png; path = "资产查询-1.png"; sourceTree = "<group>"; };
		C015821A1908062E000AC2A4 /* 资产查询.png */ = {isa = PBXFileReference; lastKnownFileType = image.png; path = "资产查询.png"; sourceTree = "<group>"; };
		C015821B1908062E000AC2A4 /* 资产申请流程-1.png */ = {isa = PBXFileReference; lastKnownFileType = image.png; path = "资产申请流程-1.png"; sourceTree = "<group>"; };
		C015821C1908062E000AC2A4 /* 资产申请流程.png */ = {isa = PBXFileReference; lastKnownFileType = image.png; path = "资产申请流程.png"; sourceTree = "<group>"; };
		C015821D1908062E000AC2A4 /* 资产盘点-1.png */ = {isa = PBXFileReference; lastKnownFileType = image.png; path = "资产盘点-1.png"; sourceTree = "<group>"; };
		C015821E1908062E000AC2A4 /* 资产盘点.png */ = {isa = PBXFileReference; lastKnownFileType = image.png; path = "资产盘点.png"; sourceTree = "<group>"; };
		C015822D19082886000AC2A4 /* logo-1.png */ = {isa = PBXFileReference; lastKnownFileType = image.png; path = "logo-1.png"; sourceTree = "<group>"; };
		C015822E19082886000AC2A4 /* 背景-1.png */ = {isa = PBXFileReference; lastKnownFileType = image.png; path = "背景-1.png"; sourceTree = "<group>"; };
		C015822F19082886000AC2A4 /* 背景-2.png */ = {isa = PBXFileReference; lastKnownFileType = image.png; path = "背景-2.png"; sourceTree = "<group>"; };
		C015823019082886000AC2A4 /* 设置按钮.png */ = {isa = PBXFileReference; lastKnownFileType = image.png; path = "设置按钮.png"; sourceTree = "<group>"; };
		C015823119082886000AC2A4 /* 选择按钮.png */ = {isa = PBXFileReference; lastKnownFileType = image.png; path = "选择按钮.png"; sourceTree = "<group>"; };
		C015823719083994000AC2A4 /* 导航.png */ = {isa = PBXFileReference; lastKnownFileType = image.png; path = "导航.png"; sourceTree = "<group>"; };
		C015823919083AFC000AC2A4 /* 箭头.png */ = {isa = PBXFileReference; lastKnownFileType = image.png; path = "箭头.png"; sourceTree = "<group>"; };
		C02BE8B519093AA400A697BD /* AssignmentCheckCell.h */ = {isa = PBXFileReference; fileEncoding = 4; lastKnownFileType = sourcecode.c.h; path = AssignmentCheckCell.h; sourceTree = "<group>"; };
		C02BE8B619093AA400A697BD /* AssignmentCheckCell.m */ = {isa = PBXFileReference; fileEncoding = 4; lastKnownFileType = sourcecode.c.objc; path = AssignmentCheckCell.m; sourceTree = "<group>"; };
		C02BE8B81909489700A697BD /* AVFoundation.framework */ = {isa = PBXFileReference; lastKnownFileType = wrapper.framework; name = AVFoundation.framework; path = System/Library/Frameworks/AVFoundation.framework; sourceTree = SDKROOT; };
		C02BE8BA190948AE00A697BD /* CoreMedia.framework */ = {isa = PBXFileReference; lastKnownFileType = wrapper.framework; name = CoreMedia.framework; path = System/Library/Frameworks/CoreMedia.framework; sourceTree = SDKROOT; };
		C02BE8BC190948BF00A697BD /* CoreVideo.framework */ = {isa = PBXFileReference; lastKnownFileType = wrapper.framework; name = CoreVideo.framework; path = System/Library/Frameworks/CoreVideo.framework; sourceTree = SDKROOT; };
		C02BE8BE190948D200A697BD /* QuartzCore.framework */ = {isa = PBXFileReference; lastKnownFileType = wrapper.framework; name = QuartzCore.framework; path = System/Library/Frameworks/QuartzCore.framework; sourceTree = SDKROOT; };
		C02BE8C0190948E300A697BD /* libiconv.dylib */ = {isa = PBXFileReference; lastKnownFileType = "compiled.mach-o.dylib"; name = libiconv.dylib; path = usr/lib/libiconv.dylib; sourceTree = SDKROOT; };
		C03B26FD1908EC6600479408 /* SearchDetailViewController.h */ = {isa = PBXFileReference; fileEncoding = 4; lastKnownFileType = sourcecode.c.h; path = SearchDetailViewController.h; sourceTree = "<group>"; };
		C03B26FE1908EC6600479408 /* SearchDetailViewController.m */ = {isa = PBXFileReference; fileEncoding = 4; lastKnownFileType = sourcecode.c.objc; path = SearchDetailViewController.m; sourceTree = "<group>"; };
		C03B27001908EDB100479408 /* SearchDetailCell.h */ = {isa = PBXFileReference; fileEncoding = 4; lastKnownFileType = sourcecode.c.h; path = SearchDetailCell.h; sourceTree = "<group>"; };
		C03B27011908EDB100479408 /* SearchDetailCell.m */ = {isa = PBXFileReference; fileEncoding = 4; lastKnownFileType = sourcecode.c.objc; path = SearchDetailCell.m; sourceTree = "<group>"; };
		C064A97A18F78B6E004C8774 /* AssetCell.h */ = {isa = PBXFileReference; fileEncoding = 4; lastKnownFileType = sourcecode.c.h; path = AssetCell.h; sourceTree = "<group>"; };
		C064A97B18F78B6E004C8774 /* AssetCell.m */ = {isa = PBXFileReference; fileEncoding = 4; lastKnownFileType = sourcecode.c.objc; path = AssetCell.m; sourceTree = "<group>"; };
		C0702BDC1904B47A00C095EB /* GDataXMLNode.h */ = {isa = PBXFileReference; fileEncoding = 4; lastKnownFileType = sourcecode.c.h; path = GDataXMLNode.h; sourceTree = "<group>"; };
		C0702BDD1904B47A00C095EB /* GDataXMLNode.m */ = {isa = PBXFileReference; fileEncoding = 4; lastKnownFileType = sourcecode.c.objc; path = GDataXMLNode.m; sourceTree = "<group>"; };
		C0702BDF1904B4B200C095EB /* libxml2.dylib */ = {isa = PBXFileReference; lastKnownFileType = "compiled.mach-o.dylib"; name = libxml2.dylib; path = usr/lib/libxml2.dylib; sourceTree = SDKROOT; };
		C0702BE11905041F00C095EB /* AssetChangeViewController.h */ = {isa = PBXFileReference; fileEncoding = 4; lastKnownFileType = sourcecode.c.h; path = AssetChangeViewController.h; sourceTree = "<group>"; };
		C0702BE21905041F00C095EB /* AssetChangeViewController.m */ = {isa = PBXFileReference; fileEncoding = 4; lastKnownFileType = sourcecode.c.objc; path = AssetChangeViewController.m; sourceTree = "<group>"; };
		C0702BE41905046F00C095EB /* AssetChangeCell.h */ = {isa = PBXFileReference; fileEncoding = 4; lastKnownFileType = sourcecode.c.h; path = AssetChangeCell.h; sourceTree = "<group>"; };
		C0702BE51905046F00C095EB /* AssetChangeCell.m */ = {isa = PBXFileReference; fileEncoding = 4; lastKnownFileType = sourcecode.c.objc; path = AssetChangeCell.m; sourceTree = "<group>"; };
		C0702BF01905126E00C095EB /* check@2x.png */ = {isa = PBXFileReference; lastKnownFileType = image.png; path = "check@2x.png"; sourceTree = "<group>"; };
		C0702BF11905126E00C095EB /* check.png */ = {isa = PBXFileReference; lastKnownFileType = image.png; path = check.png; sourceTree = "<group>"; };
		C0702BF21905126E00C095EB /* uncheck@2x.png */ = {isa = PBXFileReference; lastKnownFileType = image.png; path = "uncheck@2x.png"; sourceTree = "<group>"; };
		C0702BF31905126E00C095EB /* uncheck.png */ = {isa = PBXFileReference; lastKnownFileType = image.png; path = uncheck.png; sourceTree = "<group>"; };
		C0702BF819062FB600C095EB /* ServerAddr.h */ = {isa = PBXFileReference; lastKnownFileType = sourcecode.c.h; path = ServerAddr.h; sourceTree = "<group>"; };
		C0702BF91906318B00C095EB /* UserDefaults.h */ = {isa = PBXFileReference; fileEncoding = 4; lastKnownFileType = sourcecode.c.h; path = UserDefaults.h; sourceTree = "<group>"; };
		C0702BFA1906318B00C095EB /* UserDefaults.m */ = {isa = PBXFileReference; fileEncoding = 4; lastKnownFileType = sourcecode.c.objc; path = UserDefaults.m; sourceTree = "<group>"; };
		C07248F2190A311500881EC9 /* Decoder.h */ = {isa = PBXFileReference; fileEncoding = 4; lastKnownFileType = sourcecode.c.h; path = Decoder.h; sourceTree = "<group>"; };
		C07248F3190A311500881EC9 /* Exception.h */ = {isa = PBXFileReference; fileEncoding = 4; lastKnownFileType = sourcecode.c.h; path = Exception.h; sourceTree = "<group>"; };
		C07248F4190A311500881EC9 /* Image.h */ = {isa = PBXFileReference; fileEncoding = 4; lastKnownFileType = sourcecode.c.h; path = Image.h; sourceTree = "<group>"; };
		C07248F5190A311500881EC9 /* ImageScanner.h */ = {isa = PBXFileReference; fileEncoding = 4; lastKnownFileType = sourcecode.c.h; path = ImageScanner.h; sourceTree = "<group>"; };
		C07248F6190A311500881EC9 /* Processor.h */ = {isa = PBXFileReference; fileEncoding = 4; lastKnownFileType = sourcecode.c.h; path = Processor.h; sourceTree = "<group>"; };
		C07248F7190A311500881EC9 /* Scanner.h */ = {isa = PBXFileReference; fileEncoding = 4; lastKnownFileType = sourcecode.c.h; path = Scanner.h; sourceTree = "<group>"; };
		C07248F8190A311500881EC9 /* Symbol.h */ = {isa = PBXFileReference; fileEncoding = 4; lastKnownFileType = sourcecode.c.h; path = Symbol.h; sourceTree = "<group>"; };
		C07248F9190A311500881EC9 /* Video.h */ = {isa = PBXFileReference; fileEncoding = 4; lastKnownFileType = sourcecode.c.h; path = Video.h; sourceTree = "<group>"; };
		C07248FA190A311500881EC9 /* Window.h */ = {isa = PBXFileReference; fileEncoding = 4; lastKnownFileType = sourcecode.c.h; path = Window.h; sourceTree = "<group>"; };
		C07248FB190A311500881EC9 /* zbar.h */ = {isa = PBXFileReference; fileEncoding = 4; lastKnownFileType = sourcecode.c.h; path = zbar.h; sourceTree = "<group>"; };
		C07248FC190A311500881EC9 /* ZBarCameraSimulator.h */ = {isa = PBXFileReference; fileEncoding = 4; lastKnownFileType = sourcecode.c.h; path = ZBarCameraSimulator.h; sourceTree = "<group>"; };
		C07248FD190A311500881EC9 /* ZBarCaptureReader.h */ = {isa = PBXFileReference; fileEncoding = 4; lastKnownFileType = sourcecode.c.h; path = ZBarCaptureReader.h; sourceTree = "<group>"; };
		C07248FE190A311500881EC9 /* ZBarHelpController.h */ = {isa = PBXFileReference; fileEncoding = 4; lastKnownFileType = sourcecode.c.h; path = ZBarHelpController.h; sourceTree = "<group>"; };
		C07248FF190A311500881EC9 /* ZBarImage.h */ = {isa = PBXFileReference; fileEncoding = 4; lastKnownFileType = sourcecode.c.h; path = ZBarImage.h; sourceTree = "<group>"; };
		C0724900190A311500881EC9 /* ZBarImageScanner.h */ = {isa = PBXFileReference; fileEncoding = 4; lastKnownFileType = sourcecode.c.h; path = ZBarImageScanner.h; sourceTree = "<group>"; };
		C0724901190A311500881EC9 /* ZBarReaderController.h */ = {isa = PBXFileReference; fileEncoding = 4; lastKnownFileType = sourcecode.c.h; path = ZBarReaderController.h; sourceTree = "<group>"; };
		C0724902190A311500881EC9 /* ZBarReaderView.h */ = {isa = PBXFileReference; fileEncoding = 4; lastKnownFileType = sourcecode.c.h; path = ZBarReaderView.h; sourceTree = "<group>"; };
		C0724903190A311500881EC9 /* ZBarReaderViewController.h */ = {isa = PBXFileReference; fileEncoding = 4; lastKnownFileType = sourcecode.c.h; path = ZBarReaderViewController.h; sourceTree = "<group>"; };
		C0724904190A311500881EC9 /* ZBarSDK.h */ = {isa = PBXFileReference; fileEncoding = 4; lastKnownFileType = sourcecode.c.h; path = ZBarSDK.h; sourceTree = "<group>"; };
		C0724905190A311500881EC9 /* ZBarSymbol.h */ = {isa = PBXFileReference; fileEncoding = 4; lastKnownFileType = sourcecode.c.h; path = ZBarSymbol.h; sourceTree = "<group>"; };
		C0724906190A311500881EC9 /* libzbar.a */ = {isa = PBXFileReference; lastKnownFileType = archive.ar; path = libzbar.a; sourceTree = "<group>"; };
		C0724908190A311500881EC9 /* zbar-back.png */ = {isa = PBXFileReference; lastKnownFileType = image.png; path = "zbar-back.png"; sourceTree = "<group>"; };
		C0724909190A311500881EC9 /* zbar-help.html */ = {isa = PBXFileReference; fileEncoding = 4; lastKnownFileType = text.html; path = "zbar-help.html"; sourceTree = "<group>"; };
		C072490A190A311500881EC9 /* zbar-helpicons.png */ = {isa = PBXFileReference; lastKnownFileType = image.png; path = "zbar-helpicons.png"; sourceTree = "<group>"; };
		C072490B190A311500881EC9 /* zbar-samples.png */ = {isa = PBXFileReference; lastKnownFileType = image.png; path = "zbar-samples.png"; sourceTree = "<group>"; };
		C0724939190A4CE600881EC9 /* DirectCheckTableViewController.h */ = {isa = PBXFileReference; fileEncoding = 4; lastKnownFileType = sourcecode.c.h; path = DirectCheckTableViewController.h; sourceTree = "<group>"; };
		C072493A190A4CE600881EC9 /* DirectCheckTableViewController.m */ = {isa = PBXFileReference; fileEncoding = 4; lastKnownFileType = sourcecode.c.objc; path = DirectCheckTableViewController.m; sourceTree = "<group>"; };
		C072493C190A731A00881EC9 /* DirectCheckCell.h */ = {isa = PBXFileReference; fileEncoding = 4; lastKnownFileType = sourcecode.c.h; path = DirectCheckCell.h; sourceTree = "<group>"; };
		C072493D190A731A00881EC9 /* DirectCheckCell.m */ = {isa = PBXFileReference; fileEncoding = 4; lastKnownFileType = sourcecode.c.objc; path = DirectCheckCell.m; sourceTree = "<group>"; };
		C0BE813B1900012B00AE1B1A /* SetUpViewController.h */ = {isa = PBXFileReference; fileEncoding = 4; lastKnownFileType = sourcecode.c.h; path = SetUpViewController.h; sourceTree = "<group>"; };
		C0BE813C1900012B00AE1B1A /* SetUpViewController.m */ = {isa = PBXFileReference; fileEncoding = 4; lastKnownFileType = sourcecode.c.objc; path = SetUpViewController.m; sourceTree = "<group>"; };
		C0BE81411900199F00AE1B1A /* HelpViewController.h */ = {isa = PBXFileReference; fileEncoding = 4; lastKnownFileType = sourcecode.c.h; path = HelpViewController.h; sourceTree = "<group>"; };
		C0BE81421900199F00AE1B1A /* HelpViewController.m */ = {isa = PBXFileReference; fileEncoding = 4; lastKnownFileType = sourcecode.c.objc; path = HelpViewController.m; sourceTree = "<group>"; };
		C0C7B9CF18F7B3F300566E3E /* AssetInfo.h */ = {isa = PBXFileReference; fileEncoding = 4; lastKnownFileType = sourcecode.c.h; path = AssetInfo.h; sourceTree = "<group>"; };
		C0C7B9D018F7B3F300566E3E /* AssetInfo.m */ = {isa = PBXFileReference; fileEncoding = 4; lastKnownFileType = sourcecode.c.objc; path = AssetInfo.m; sourceTree = "<group>"; };
		C0E6D996190E8A300087C1D3 /* zh-Hans */ = {isa = PBXFileReference; lastKnownFileType = text.plist.strings; name = "zh-Hans"; path = "zh-Hans.lproj/Main.strings"; sourceTree = "<group>"; };
		C0E6D997190E8A300087C1D3 /* zh-Hans */ = {isa = PBXFileReference; lastKnownFileType = text.plist.strings; name = "zh-Hans"; path = "zh-Hans.lproj/InfoPlist.strings"; sourceTree = "<group>"; };
		C0E6D998190E8A300087C1D3 /* zh-Hans */ = {isa = PBXFileReference; lastKnownFileType = text.plist.strings; name = "zh-Hans"; path = "zh-Hans.lproj/InfoPlist.strings"; sourceTree = "<group>"; };
		C0EEE6751902EF480093B619 /* JiaoTongBuClient.h */ = {isa = PBXFileReference; fileEncoding = 4; lastKnownFileType = sourcecode.c.h; path = JiaoTongBuClient.h; sourceTree = "<group>"; };
		C0EEE6761902EF480093B619 /* JiaoTongBuClient.m */ = {isa = PBXFileReference; fileEncoding = 4; lastKnownFileType = sourcecode.c.objc; path = JiaoTongBuClient.m; sourceTree = "<group>"; };
		C0FD63751912A9AD003088A6 /* ReadViewController.h */ = {isa = PBXFileReference; fileEncoding = 4; lastKnownFileType = sourcecode.c.h; path = ReadViewController.h; sourceTree = "<group>"; };
		C0FD63761912A9AD003088A6 /* ReadViewController.m */ = {isa = PBXFileReference; fileEncoding = 4; lastKnownFileType = sourcecode.c.objc; path = ReadViewController.m; sourceTree = "<group>"; };
/* End PBXFileReference section */

/* Begin PBXFrameworksBuildPhase section */
		C00D1C6318F6784F0026D610 /* Frameworks */ = {
			isa = PBXFrameworksBuildPhase;
			buildActionMask = 2147483647;
			files = (
				C02BE8C1190948E300A697BD /* libiconv.dylib in Frameworks */,
				C02BE8BF190948D200A697BD /* QuartzCore.framework in Frameworks */,
				C072490C190A311500881EC9 /* libzbar.a in Frameworks */,
				C02BE8BD190948BF00A697BD /* CoreVideo.framework in Frameworks */,
				C02BE8BB190948AE00A697BD /* CoreMedia.framework in Frameworks */,
				C02BE8B91909489700A697BD /* AVFoundation.framework in Frameworks */,
				C0702BE01904B4B200C095EB /* libxml2.dylib in Frameworks */,
				C00D1C6C18F6784F0026D610 /* CoreGraphics.framework in Frameworks */,
				C00D1C6E18F6784F0026D610 /* UIKit.framework in Frameworks */,
				C00D1C6A18F6784F0026D610 /* Foundation.framework in Frameworks */,
			);
			runOnlyForDeploymentPostprocessing = 0;
		};
		C00D1C8418F6784F0026D610 /* Frameworks */ = {
			isa = PBXFrameworksBuildPhase;
			buildActionMask = 2147483647;
			files = (
				C00D1C8918F6784F0026D610 /* XCTest.framework in Frameworks */,
				C00D1C8B18F6784F0026D610 /* UIKit.framework in Frameworks */,
				C00D1C8A18F6784F0026D610 /* Foundation.framework in Frameworks */,
			);
			runOnlyForDeploymentPostprocessing = 0;
		};
/* End PBXFrameworksBuildPhase section */

/* Begin PBXGroup section */
		C00D1C5D18F6784F0026D610 = {
			isa = PBXGroup;
			children = (
				C015820D1907DEE4000AC2A4 /* AssetsSearch */,
				C0BE813A1900010B00AE1B1A /* MoreView */,
				C064A97318F787A2004C8774 /* Commen */,
				C00E5B3E18FAD3E000C8AA43 /* ContactInfo */,
				C00E5B3218FACF6E00C8AA43 /* AssetsManage */,
				C00D1EEA18F6DCDD0026D610 /* AssetsCheck */,
				C00D1EE318F6CF120026D610 /* RootViewController */,
				C00D1EC418F6843F0026D610 /* LogInViewController */,
				C00D1D0C18F67CA80026D610 /* ThirdClasslib */,
				C00D1C6F18F6784F0026D610 /* JiaoTongBu */,
				C00D1C8E18F6784F0026D610 /* JiaoTongBuTests */,
				C00D1C6818F6784F0026D610 /* Frameworks */,
				C00D1C6718F6784F0026D610 /* Products */,
			);
			sourceTree = "<group>";
		};
		C00D1C6718F6784F0026D610 /* Products */ = {
			isa = PBXGroup;
			children = (
				C00D1C6618F6784F0026D610 /* JiaoTongBu.app */,
				C00D1C8718F6784F0026D610 /* JiaoTongBuTests.xctest */,
			);
			name = Products;
			sourceTree = "<group>";
		};
		C00D1C6818F6784F0026D610 /* Frameworks */ = {
			isa = PBXGroup;
			children = (
				C02BE8C0190948E300A697BD /* libiconv.dylib */,
				C02BE8BE190948D200A697BD /* QuartzCore.framework */,
				C02BE8BC190948BF00A697BD /* CoreVideo.framework */,
				C02BE8BA190948AE00A697BD /* CoreMedia.framework */,
				C02BE8B81909489700A697BD /* AVFoundation.framework */,
				C0702BDF1904B4B200C095EB /* libxml2.dylib */,
				C00D1C6918F6784F0026D610 /* Foundation.framework */,
				C00D1C6B18F6784F0026D610 /* CoreGraphics.framework */,
				C00D1C6D18F6784F0026D610 /* UIKit.framework */,
				C00D1C8818F6784F0026D610 /* XCTest.framework */,
			);
			name = Frameworks;
			sourceTree = "<group>";
		};
		C00D1C6F18F6784F0026D610 /* JiaoTongBu */ = {
			isa = PBXGroup;
			children = (
				C00D1C7818F6784F0026D610 /* AppDelegate.h */,
				C00D1C7918F6784F0026D610 /* AppDelegate.m */,
				C00D1C7B18F6784F0026D610 /* Main.storyboard */,
				C00D1C7E18F6784F0026D610 /* ViewController.h */,
				C00D1C7F18F6784F0026D610 /* ViewController.m */,
				C00D1C8118F6784F0026D610 /* Images.xcassets */,
				C00D1C7018F6784F0026D610 /* Supporting Files */,
			);
			path = JiaoTongBu;
			sourceTree = "<group>";
		};
		C00D1C7018F6784F0026D610 /* Supporting Files */ = {
			isa = PBXGroup;
			children = (
				C00D1C7118F6784F0026D610 /* JiaoTongBu-Info.plist */,
				C00D1C7218F6784F0026D610 /* InfoPlist.strings */,
				C00D1C7518F6784F0026D610 /* main.m */,
				C00D1C7718F6784F0026D610 /* JiaoTongBu-Prefix.pch */,
			);
			name = "Supporting Files";
			sourceTree = "<group>";
		};
		C00D1C8E18F6784F0026D610 /* JiaoTongBuTests */ = {
			isa = PBXGroup;
			children = (
				C00D1C9418F6784F0026D610 /* JiaoTongBuTests.m */,
				C00D1C8F18F6784F0026D610 /* Supporting Files */,
			);
			path = JiaoTongBuTests;
			sourceTree = "<group>";
		};
		C00D1C8F18F6784F0026D610 /* Supporting Files */ = {
			isa = PBXGroup;
			children = (
				C00D1C9018F6784F0026D610 /* JiaoTongBuTests-Info.plist */,
				C00D1C9118F6784F0026D610 /* InfoPlist.strings */,
			);
			name = "Supporting Files";
			sourceTree = "<group>";
		};
		C00D1D0C18F67CA80026D610 /* ThirdClasslib */ = {
			isa = PBXGroup;
			children = (
				C07248EE190A311500881EC9 /* ZBarSDK */,
				C0702BDB1904B47A00C095EB /* GDataXMLNode */,
				C00D1ED818F6AEF40026D610 /* TMCache */,
				C00D1EC818F6A4C30026D610 /* MJRefresh */,
				C00D1EB618F680550026D610 /* MBProgressHUD */,
				C00D1D0D18F67CA80026D610 /* AFNetworking */,
			);
			path = ThirdClasslib;
			sourceTree = "<group>";
		};
		C00D1D0D18F67CA80026D610 /* AFNetworking */ = {
			isa = PBXGroup;
			children = (
				C00D1D0E18F67CA80026D610 /* AFHTTPRequestOperation.h */,
				C00D1D0F18F67CA80026D610 /* AFHTTPRequestOperation.m */,
				C00D1D1018F67CA80026D610 /* AFHTTPRequestOperationManager.h */,
				C00D1D1118F67CA80026D610 /* AFHTTPRequestOperationManager.m */,
				C00D1D1218F67CA80026D610 /* AFHTTPSessionManager.h */,
				C00D1D1318F67CA80026D610 /* AFHTTPSessionManager.m */,
				C00D1D1418F67CA80026D610 /* AFNetworking.h */,
				C00D1D1518F67CA80026D610 /* AFNetworkReachabilityManager.h */,
				C00D1D1618F67CA80026D610 /* AFNetworkReachabilityManager.m */,
				C00D1D1718F67CA80026D610 /* AFSecurityPolicy.h */,
				C00D1D1818F67CA80026D610 /* AFSecurityPolicy.m */,
				C00D1D1918F67CA80026D610 /* AFURLConnectionOperation.h */,
				C00D1D1A18F67CA80026D610 /* AFURLConnectionOperation.m */,
				C00D1D1B18F67CA80026D610 /* AFURLRequestSerialization.h */,
				C00D1D1C18F67CA80026D610 /* AFURLRequestSerialization.m */,
				C00D1D1D18F67CA80026D610 /* AFURLResponseSerialization.h */,
				C00D1D1E18F67CA80026D610 /* AFURLResponseSerialization.m */,
				C00D1D1F18F67CA80026D610 /* AFURLSessionManager.h */,
				C00D1D2018F67CA80026D610 /* AFURLSessionManager.m */,
				C00D1D2118F67CA80026D610 /* UIKit+AFNetworking */,
			);
			path = AFNetworking;
			sourceTree = "<group>";
		};
		C00D1D2118F67CA80026D610 /* UIKit+AFNetworking */ = {
			isa = PBXGroup;
			children = (
				C00D1D2218F67CA80026D610 /* AFNetworkActivityIndicatorManager.h */,
				C00D1D2318F67CA80026D610 /* AFNetworkActivityIndicatorManager.m */,
				C00D1D2418F67CA80026D610 /* UIActivityIndicatorView+AFNetworking.h */,
				C00D1D2518F67CA80026D610 /* UIActivityIndicatorView+AFNetworking.m */,
				C00D1D2618F67CA80026D610 /* UIAlertView+AFNetworking.h */,
				C00D1D2718F67CA80026D610 /* UIAlertView+AFNetworking.m */,
				C00D1D2818F67CA80026D610 /* UIButton+AFNetworking.h */,
				C00D1D2918F67CA80026D610 /* UIButton+AFNetworking.m */,
				C00D1D2A18F67CA80026D610 /* UIImageView+AFNetworking.h */,
				C00D1D2B18F67CA80026D610 /* UIImageView+AFNetworking.m */,
				C00D1D2C18F67CA80026D610 /* UIKit+AFNetworking.h */,
				C00D1D2D18F67CA80026D610 /* UIProgressView+AFNetworking.h */,
				C00D1D2E18F67CA80026D610 /* UIProgressView+AFNetworking.m */,
				C00D1D2F18F67CA80026D610 /* UIRefreshControl+AFNetworking.h */,
				C00D1D3018F67CA80026D610 /* UIRefreshControl+AFNetworking.m */,
				C00D1D3118F67CA80026D610 /* UIWebView+AFNetworking.h */,
				C00D1D3218F67CA80026D610 /* UIWebView+AFNetworking.m */,
			);
			path = "UIKit+AFNetworking";
			sourceTree = "<group>";
		};
		C00D1EB618F680550026D610 /* MBProgressHUD */ = {
			isa = PBXGroup;
			children = (
				C00D1EB718F680550026D610 /* Icon-iOS7@2x.png */,
				C00D1EB818F680550026D610 /* Icon-Small.png */,
				C00D1EB918F680550026D610 /* Icon-Small@2x.png */,
				C00D1EBA18F680550026D610 /* Icon.png */,
				C00D1EBB18F680550026D610 /* Icon@2x.png */,
				C00D1EBC18F680550026D610 /* MBProgressHUD.h */,
				C00D1EBD18F680550026D610 /* MBProgressHUD.m */,
			);
			path = MBProgressHUD;
			sourceTree = "<group>";
		};
		C00D1EC418F6843F0026D610 /* LogInViewController */ = {
			isa = PBXGroup;
			children = (
				C01581F81907D521000AC2A4 /* ImageSource */,
				C00D1EE718F6CFF60026D610 /* LogInViewController.h */,
				C00D1EE818F6CFF60026D610 /* LogInViewController.m */,
			);
			name = LogInViewController;
			path = LogIn;
			sourceTree = "<group>";
		};
		C00D1EC818F6A4C30026D610 /* MJRefresh */ = {
			isa = PBXGroup;
			children = (
				C00D1EC918F6A4C30026D610 /* MJRefresh.bundle */,
				C00D1ECA18F6A4C30026D610 /* MJRefresh.h */,
				C00D1ECB18F6A4C30026D610 /* MJRefreshBaseView.h */,
				C00D1ECC18F6A4C30026D610 /* MJRefreshBaseView.m */,
				C00D1ECD18F6A4C30026D610 /* MJRefreshConst.h */,
				C00D1ECE18F6A4C30026D610 /* MJRefreshConst.m */,
				C00D1ECF18F6A4C30026D610 /* MJRefreshFooterView.h */,
				C00D1ED018F6A4C30026D610 /* MJRefreshFooterView.m */,
				C00D1ED118F6A4C30026D610 /* MJRefreshHeaderView.h */,
				C00D1ED218F6A4C30026D610 /* MJRefreshHeaderView.m */,
			);
			path = MJRefresh;
			sourceTree = "<group>";
		};
		C00D1ED818F6AEF40026D610 /* TMCache */ = {
			isa = PBXGroup;
			children = (
				C00D1ED918F6AEF40026D610 /* TMCache.h */,
				C00D1EDA18F6AEF40026D610 /* TMCache.m */,
				C00D1EDB18F6AEF40026D610 /* TMDiskCache.h */,
				C00D1EDC18F6AEF40026D610 /* TMDiskCache.m */,
				C00D1EDD18F6AEF40026D610 /* TMMemoryCache.h */,
				C00D1EDE18F6AEF40026D610 /* TMMemoryCache.m */,
			);
			path = TMCache;
			sourceTree = "<group>";
		};
		C00D1EE318F6CF120026D610 /* RootViewController */ = {
			isa = PBXGroup;
			children = (
				C01582111908062E000AC2A4 /* imageSource */,
				C00D1EE418F6CF220026D610 /* RootViewController.h */,
				C00D1EE518F6CF220026D610 /* RootViewController.m */,
			);
			path = RootViewController;
			sourceTree = "<group>";
		};
		C00D1EEA18F6DCDD0026D610 /* AssetsCheck */ = {
			isa = PBXGroup;
			children = (
				C00D1EEB18F6DCF90026D610 /* AssetsCheckViewController.h */,
				C00D1EEC18F6DCF90026D610 /* AssetsCheckViewController.m */,
				C00D1EEE18F6E6A80026D610 /* AssignmentCheckViewController.h */,
				C00D1EEF18F6E6A80026D610 /* AssignmentCheckViewController.m */,
				C02BE8B519093AA400A697BD /* AssignmentCheckCell.h */,
				C02BE8B619093AA400A697BD /* AssignmentCheckCell.m */,
				C0724939190A4CE600881EC9 /* DirectCheckTableViewController.h */,
				C072493A190A4CE600881EC9 /* DirectCheckTableViewController.m */,
				C072493C190A731A00881EC9 /* DirectCheckCell.h */,
				C072493D190A731A00881EC9 /* DirectCheckCell.m */,
				C0FD63751912A9AD003088A6 /* ReadViewController.h */,
				C0FD63761912A9AD003088A6 /* ReadViewController.m */,
			);
			path = AssetsCheck;
			sourceTree = "<group>";
		};
		C00E5B3218FACF6E00C8AA43 /* AssetsManage */ = {
			isa = PBXGroup;
			children = (
				C00E5B3318FACF6E00C8AA43 /* AssetChange */,
				C00E5B3418FACF6E00C8AA43 /* PersonalAssets */,
			);
			path = AssetsManage;
			sourceTree = "<group>";
		};
		C00E5B3318FACF6E00C8AA43 /* AssetChange */ = {
			isa = PBXGroup;
			children = (
				C0702BE11905041F00C095EB /* AssetChangeViewController.h */,
				C0702BE21905041F00C095EB /* AssetChangeViewController.m */,
				C0702BE41905046F00C095EB /* AssetChangeCell.h */,
				C0702BE51905046F00C095EB /* AssetChangeCell.m */,
			);
			path = AssetChange;
			sourceTree = "<group>";
		};
		C00E5B3418FACF6E00C8AA43 /* PersonalAssets */ = {
			isa = PBXGroup;
			children = (
				C00E5B3918FACF6E00C8AA43 /* PersonalAssetsViewController.h */,
				C00E5B3A18FACF6E00C8AA43 /* PersonalAssetsViewController.m */,
				C00E5B3718FACF6E00C8AA43 /* AssetDetailViewController.h */,
				C00E5B3818FACF6E00C8AA43 /* AssetDetailViewController.m */,
				C00E5B3518FACF6E00C8AA43 /* AssetDetailCell.h */,
				C00E5B3618FACF6E00C8AA43 /* AssetDetailCell.m */,
			);
			path = PersonalAssets;
			sourceTree = "<group>";
		};
		C00E5B3E18FAD3E000C8AA43 /* ContactInfo */ = {
			isa = PBXGroup;
			children = (
				C00E5B3F18FAD42800C8AA43 /* ContactInfoViewController.h */,
				C00E5B4018FAD42800C8AA43 /* ContactInfoViewController.m */,
				C00E5B4218FAD45700C8AA43 /* ContactInfoCell.h */,
				C00E5B4318FAD45700C8AA43 /* ContactInfoCell.m */,
				C00E5B4518FAD94800C8AA43 /* ContactInfo.h */,
				C00E5B4618FAD94800C8AA43 /* ContactInfo.m */,
			);
			path = ContactInfo;
			sourceTree = "<group>";
		};
		C01581F81907D521000AC2A4 /* ImageSource */ = {
			isa = PBXGroup;
			children = (
				C01581F91907D521000AC2A4 /* 密码.png */,
				C01581FA1907D521000AC2A4 /* 框.png */,
				C01582091907D7FB000AC2A4 /* logo.png */,
				C01581FB1907D521000AC2A4 /* 框选中.png */,
				C01581FC1907D521000AC2A4 /* 用户名.png */,
				C01581FD1907D521000AC2A4 /* 登录按钮.png */,
				C01581FE1907D521000AC2A4 /* LogIn背景.png */,
				C01581FF1907D521000AC2A4 /* 选择框-1.png */,
				C01582001907D521000AC2A4 /* 选择框.png */,
			);
			name = ImageSource;
			path = LogInViewController/ImageSource;
			sourceTree = SOURCE_ROOT;
		};
		C015820D1907DEE4000AC2A4 /* AssetsSearch */ = {
			isa = PBXGroup;
			children = (
				C015820E1907DF65000AC2A4 /* AssetsSearchViewController.h */,
				C015820F1907DF65000AC2A4 /* AssetsSearchViewController.m */,
				C03B26FD1908EC6600479408 /* SearchDetailViewController.h */,
				C03B26FE1908EC6600479408 /* SearchDetailViewController.m */,
				C03B27001908EDB100479408 /* SearchDetailCell.h */,
				C03B27011908EDB100479408 /* SearchDetailCell.m */,
			);
			path = AssetsSearch;
			sourceTree = "<group>";
		};
		C01582111908062E000AC2A4 /* imageSource */ = {
			isa = PBXGroup;
			children = (
				C01582121908062E000AC2A4 /* 上导航.png */,
				C01582131908062E000AC2A4 /* 个人资产-1.png */,
				C01582141908062E000AC2A4 /* 个人资产.png */,
				C01582151908062E000AC2A4 /* 竖条.png */,
				C01582161908062E000AC2A4 /* 背景.png */,
				C01582171908062E000AC2A4 /* 资产变更-1.png */,
				C01582181908062E000AC2A4 /* 资产变更.png */,
				C01582191908062E000AC2A4 /* 资产查询-1.png */,
				C015821A1908062E000AC2A4 /* 资产查询.png */,
				C015821B1908062E000AC2A4 /* 资产申请流程-1.png */,
				C015821C1908062E000AC2A4 /* 资产申请流程.png */,
				C015821D1908062E000AC2A4 /* 资产盘点-1.png */,
				C015821E1908062E000AC2A4 /* 资产盘点.png */,
			);
			name = imageSource;
			path = RootViewController/imageSource;
			sourceTree = SOURCE_ROOT;
		};
		C015822C19082886000AC2A4 /* imageSource */ = {
			isa = PBXGroup;
			children = (
				C015822D19082886000AC2A4 /* logo-1.png */,
				C015822E19082886000AC2A4 /* 背景-1.png */,
				C015822F19082886000AC2A4 /* 背景-2.png */,
				C015823019082886000AC2A4 /* 设置按钮.png */,
				C015823119082886000AC2A4 /* 选择按钮.png */,
			);
			path = imageSource;
			sourceTree = "<group>";
		};
		C064A97318F787A2004C8774 /* Commen */ = {
			isa = PBXGroup;
			children = (
				C0702BE71905081A00C095EB /* ImageResource */,
				C064A97A18F78B6E004C8774 /* AssetCell.h */,
				C064A97B18F78B6E004C8774 /* AssetCell.m */,
				C0C7B9CF18F7B3F300566E3E /* AssetInfo.h */,
				C0C7B9D018F7B3F300566E3E /* AssetInfo.m */,
				C00EA52B18FC0C4C0093BC20 /* DiskCache.h */,
				C00EA52C18FC0C4C0093BC20 /* DiskCache.m */,
				C00EA53118FC18060093BC20 /* AssetImage.h */,
				C00EA53218FC18060093BC20 /* AssetImage.m */,
				C0EEE6751902EF480093B619 /* JiaoTongBuClient.h */,
				C0EEE6761902EF480093B619 /* JiaoTongBuClient.m */,
				C0702BF819062FB600C095EB /* ServerAddr.h */,
				C0702BF91906318B00C095EB /* UserDefaults.h */,
				C0702BFA1906318B00C095EB /* UserDefaults.m */,
			);
			path = Commen;
			sourceTree = "<group>";
		};
		C0702BDB1904B47A00C095EB /* GDataXMLNode */ = {
			isa = PBXGroup;
			children = (
				C0702BDC1904B47A00C095EB /* GDataXMLNode.h */,
				C0702BDD1904B47A00C095EB /* GDataXMLNode.m */,
			);
			path = GDataXMLNode;
			sourceTree = "<group>";
		};
		C0702BE71905081A00C095EB /* ImageResource */ = {
			isa = PBXGroup;
			children = (
				C015823919083AFC000AC2A4 /* 箭头.png */,
				C015823719083994000AC2A4 /* 导航.png */,
				C0702BF01905126E00C095EB /* check@2x.png */,
				C0702BF11905126E00C095EB /* check.png */,
				C0702BF21905126E00C095EB /* uncheck@2x.png */,
				C0702BF31905126E00C095EB /* uncheck.png */,
			);
			path = ImageResource;
			sourceTree = "<group>";
		};
		C07248EE190A311500881EC9 /* ZBarSDK */ = {
			isa = PBXGroup;
			children = (
				C07248EF190A311500881EC9 /* Headers */,
				C0724906190A311500881EC9 /* libzbar.a */,
				C0724907190A311500881EC9 /* Resources */,
			);
			path = ZBarSDK;
			sourceTree = "<group>";
		};
		C07248EF190A311500881EC9 /* Headers */ = {
			isa = PBXGroup;
			children = (
				C07248F0190A311500881EC9 /* ZBarSDK */,
			);
			path = Headers;
			sourceTree = "<group>";
		};
		C07248F0190A311500881EC9 /* ZBarSDK */ = {
			isa = PBXGroup;
			children = (
				C07248F1190A311500881EC9 /* zbar */,
				C07248FB190A311500881EC9 /* zbar.h */,
				C07248FC190A311500881EC9 /* ZBarCameraSimulator.h */,
				C07248FD190A311500881EC9 /* ZBarCaptureReader.h */,
				C07248FE190A311500881EC9 /* ZBarHelpController.h */,
				C07248FF190A311500881EC9 /* ZBarImage.h */,
				C0724900190A311500881EC9 /* ZBarImageScanner.h */,
				C0724901190A311500881EC9 /* ZBarReaderController.h */,
				C0724902190A311500881EC9 /* ZBarReaderView.h */,
				C0724903190A311500881EC9 /* ZBarReaderViewController.h */,
				C0724904190A311500881EC9 /* ZBarSDK.h */,
				C0724905190A311500881EC9 /* ZBarSymbol.h */,
			);
			path = ZBarSDK;
			sourceTree = "<group>";
		};
		C07248F1190A311500881EC9 /* zbar */ = {
			isa = PBXGroup;
			children = (
				C07248F2190A311500881EC9 /* Decoder.h */,
				C07248F3190A311500881EC9 /* Exception.h */,
				C07248F4190A311500881EC9 /* Image.h */,
				C07248F5190A311500881EC9 /* ImageScanner.h */,
				C07248F6190A311500881EC9 /* Processor.h */,
				C07248F7190A311500881EC9 /* Scanner.h */,
				C07248F8190A311500881EC9 /* Symbol.h */,
				C07248F9190A311500881EC9 /* Video.h */,
				C07248FA190A311500881EC9 /* Window.h */,
			);
			path = zbar;
			sourceTree = "<group>";
		};
		C0724907190A311500881EC9 /* Resources */ = {
			isa = PBXGroup;
			children = (
				C0724908190A311500881EC9 /* zbar-back.png */,
				C0724909190A311500881EC9 /* zbar-help.html */,
				C072490A190A311500881EC9 /* zbar-helpicons.png */,
				C072490B190A311500881EC9 /* zbar-samples.png */,
			);
			path = Resources;
			sourceTree = "<group>";
		};
		C0BE813A1900010B00AE1B1A /* MoreView */ = {
			isa = PBXGroup;
			children = (
				C015822C19082886000AC2A4 /* imageSource */,
				C0BE813B1900012B00AE1B1A /* SetUpViewController.h */,
				C0BE813C1900012B00AE1B1A /* SetUpViewController.m */,
				C0BE81411900199F00AE1B1A /* HelpViewController.h */,
				C0BE81421900199F00AE1B1A /* HelpViewController.m */,
			);
			path = MoreView;
			sourceTree = "<group>";
		};
/* End PBXGroup section */

/* Begin PBXNativeTarget section */
		C00D1C6518F6784F0026D610 /* JiaoTongBu */ = {
			isa = PBXNativeTarget;
			buildConfigurationList = C00D1C9818F6784F0026D610 /* Build configuration list for PBXNativeTarget "JiaoTongBu" */;
			buildPhases = (
				C00D1C6218F6784F0026D610 /* Sources */,
				C00D1C6318F6784F0026D610 /* Frameworks */,
				C00D1C6418F6784F0026D610 /* Resources */,
			);
			buildRules = (
			);
			dependencies = (
			);
			name = JiaoTongBu;
			productName = JiaoTongBu;
			productReference = C00D1C6618F6784F0026D610 /* JiaoTongBu.app */;
			productType = "com.apple.product-type.application";
		};
		C00D1C8618F6784F0026D610 /* JiaoTongBuTests */ = {
			isa = PBXNativeTarget;
			buildConfigurationList = C00D1C9B18F6784F0026D610 /* Build configuration list for PBXNativeTarget "JiaoTongBuTests" */;
			buildPhases = (
				C00D1C8318F6784F0026D610 /* Sources */,
				C00D1C8418F6784F0026D610 /* Frameworks */,
				C00D1C8518F6784F0026D610 /* Resources */,
			);
			buildRules = (
			);
			dependencies = (
				C00D1C8D18F6784F0026D610 /* PBXTargetDependency */,
			);
			name = JiaoTongBuTests;
			productName = JiaoTongBuTests;
			productReference = C00D1C8718F6784F0026D610 /* JiaoTongBuTests.xctest */;
			productType = "com.apple.product-type.bundle.unit-test";
		};
/* End PBXNativeTarget section */

/* Begin PBXProject section */
		C00D1C5E18F6784F0026D610 /* Project object */ = {
			isa = PBXProject;
			attributes = {
				LastUpgradeCheck = 0510;
				ORGANIZATIONNAME = zhouyuan;
				TargetAttributes = {
					C00D1C6518F6784F0026D610 = {
						DevelopmentTeam = EE6B3PZFWU;
					};
					C00D1C8618F6784F0026D610 = {
						TestTargetID = C00D1C6518F6784F0026D610;
					};
				};
			};
			buildConfigurationList = C00D1C6118F6784F0026D610 /* Build configuration list for PBXProject "JiaoTongBu" */;
			compatibilityVersion = "Xcode 3.2";
			developmentRegion = English;
			hasScannedForEncodings = 0;
			knownRegions = (
				en,
				Base,
				"zh-Hans",
			);
			mainGroup = C00D1C5D18F6784F0026D610;
			productRefGroup = C00D1C6718F6784F0026D610 /* Products */;
			projectDirPath = "";
			projectRoot = "";
			targets = (
				C00D1C6518F6784F0026D610 /* JiaoTongBu */,
				C00D1C8618F6784F0026D610 /* JiaoTongBuTests */,
			);
		};
/* End PBXProject section */

/* Begin PBXResourcesBuildPhase section */
		C00D1C6418F6784F0026D610 /* Resources */ = {
			isa = PBXResourcesBuildPhase;
			buildActionMask = 2147483647;
			files = (
				C01582221908062E000AC2A4 /* 竖条.png in Resources */,
				C01582211908062E000AC2A4 /* 个人资产.png in Resources */,
				C015820A1907D7FB000AC2A4 /* logo.png in Resources */,
				C01582271908062E000AC2A4 /* 资产查询.png in Resources */,
				C01582041907D521000AC2A4 /* 用户名.png in Resources */,
				C01582011907D521000AC2A4 /* 密码.png in Resources */,
				C01582251908062E000AC2A4 /* 资产变更.png in Resources */,
				C00D1EC218F680550026D610 /* Icon@2x.png in Resources */,
				C00D1C8218F6784F0026D610 /* Images.xcassets in Resources */,
				C015822A1908062E000AC2A4 /* 资产盘点-1.png in Resources */,
				C015823A19083AFC000AC2A4 /* 箭头.png in Resources */,
				C015823219082886000AC2A4 /* logo-1.png in Resources */,
				C01582021907D521000AC2A4 /* 框.png in Resources */,
				C01582261908062E000AC2A4 /* 资产查询-1.png in Resources */,
				C01582031907D521000AC2A4 /* 框选中.png in Resources */,
				C01582081907D521000AC2A4 /* 选择框.png in Resources */,
				C01582061907D521000AC2A4 /* LogIn背景.png in Resources */,
				C015822B1908062E000AC2A4 /* 资产盘点.png in Resources */,
				C072490E190A311500881EC9 /* zbar-help.html in Resources */,
				C015823419082886000AC2A4 /* 背景-2.png in Resources */,
				C01582051907D521000AC2A4 /* 登录按钮.png in Resources */,
				C01582071907D521000AC2A4 /* 选择框-1.png in Resources */,
				C01582231908062E000AC2A4 /* 背景.png in Resources */,
				C00D1EC018F680550026D610 /* Icon-Small@2x.png in Resources */,
				C0724910190A311500881EC9 /* zbar-samples.png in Resources */,
				C00D1C7418F6784F0026D610 /* InfoPlist.strings in Resources */,
				C015823819083994000AC2A4 /* 导航.png in Resources */,
				C01582241908062E000AC2A4 /* 资产变更-1.png in Resources */,
				C0702BF71905126E00C095EB /* uncheck.png in Resources */,
				C0702BF51905126E00C095EB /* check.png in Resources */,
				C01582291908062E000AC2A4 /* 资产申请流程.png in Resources */,
				C00D1ED318F6A4C30026D610 /* MJRefresh.bundle in Resources */,
				C015821F1908062E000AC2A4 /* 上导航.png in Resources */,
				C00D1EBE18F680550026D610 /* Icon-iOS7@2x.png in Resources */,
				C072490D190A311500881EC9 /* zbar-back.png in Resources */,
				C015823619082886000AC2A4 /* 选择按钮.png in Resources */,
				C072490F190A311500881EC9 /* zbar-helpicons.png in Resources */,
				C00D1C7D18F6784F0026D610 /* Main.storyboard in Resources */,
				C015823319082886000AC2A4 /* 背景-1.png in Resources */,
				C015823519082886000AC2A4 /* 设置按钮.png in Resources */,
				C01582201908062E000AC2A4 /* 个人资产-1.png in Resources */,
				C00D1EC118F680550026D610 /* Icon.png in Resources */,
				C0702BF61905126E00C095EB /* uncheck@2x.png in Resources */,
				C00D1EBF18F680550026D610 /* Icon-Small.png in Resources */,
				C01582281908062E000AC2A4 /* 资产申请流程-1.png in Resources */,
				C0702BF41905126E00C095EB /* check@2x.png in Resources */,
			);
			runOnlyForDeploymentPostprocessing = 0;
		};
		C00D1C8518F6784F0026D610 /* Resources */ = {
			isa = PBXResourcesBuildPhase;
			buildActionMask = 2147483647;
			files = (
				C00D1C9318F6784F0026D610 /* InfoPlist.strings in Resources */,
			);
			runOnlyForDeploymentPostprocessing = 0;
		};
/* End PBXResourcesBuildPhase section */

/* Begin PBXSourcesBuildPhase section */
		C00D1C6218F6784F0026D610 /* Sources */ = {
			isa = PBXSourcesBuildPhase;
			buildActionMask = 2147483647;
			files = (
				C00D1E3A18F67CA90026D610 /* AFHTTPRequestOperation.m in Sources */,
				C00D1E4718F67CA90026D610 /* UIImageView+AFNetworking.m in Sources */,
				C0702BE61905046F00C095EB /* AssetChangeCell.m in Sources */,
				C0C7B9D118F7B3F300566E3E /* AssetInfo.m in Sources */,
				C00D1EE918F6CFF60026D610 /* LogInViewController.m in Sources */,
				C00E5B4418FAD45700C8AA43 /* ContactInfoCell.m in Sources */,
				C00D1C8018F6784F0026D610 /* ViewController.m in Sources */,
				C00D1E3B18F67CA90026D610 /* AFHTTPRequestOperationManager.m in Sources */,
				C064A97C18F78B6E004C8774 /* AssetCell.m in Sources */,
				C00E5B3B18FACF6E00C8AA43 /* AssetDetailCell.m in Sources */,
				C00D1E4818F67CA90026D610 /* UIProgressView+AFNetworking.m in Sources */,
				C00E5B3C18FACF6E00C8AA43 /* AssetDetailViewController.m in Sources */,
				C072493E190A731A00881EC9 /* DirectCheckCell.m in Sources */,
				C00D1E3D18F67CA90026D610 /* AFNetworkReachabilityManager.m in Sources */,
				C0EEE6771902EF480093B619 /* JiaoTongBuClient.m in Sources */,
				C00D1E4118F67CA90026D610 /* AFURLResponseSerialization.m in Sources */,
				C02BE8B719093AA400A697BD /* AssignmentCheckCell.m in Sources */,
				C00D1E3F18F67CA90026D610 /* AFURLConnectionOperation.m in Sources */,
				C00E5B3D18FACF6E00C8AA43 /* PersonalAssetsViewController.m in Sources */,
				C0702BDE1904B47A00C095EB /* GDataXMLNode.m in Sources */,
				C0702BFB1906318B00C095EB /* UserDefaults.m in Sources */,
				C0702BE31905041F00C095EB /* AssetChangeViewController.m in Sources */,
				C0BE813D1900012B00AE1B1A /* SetUpViewController.m in Sources */,
				C00D1EE118F6AEF40026D610 /* TMMemoryCache.m in Sources */,
				C01582101907DF65000AC2A4 /* AssetsSearchViewController.m in Sources */,
				C00D1ED518F6A4C30026D610 /* MJRefreshConst.m in Sources */,
				C03B26FF1908EC6600479408 /* SearchDetailViewController.m in Sources */,
				C00D1E4618F67CA90026D610 /* UIButton+AFNetworking.m in Sources */,
				C0BE81431900199F00AE1B1A /* HelpViewController.m in Sources */,
				C00D1E4418F67CA90026D610 /* UIActivityIndicatorView+AFNetworking.m in Sources */,
				C00D1E3E18F67CA90026D610 /* AFSecurityPolicy.m in Sources */,
				C00E5B4118FAD42800C8AA43 /* ContactInfoViewController.m in Sources */,
				C00D1E4918F67CA90026D610 /* UIRefreshControl+AFNetworking.m in Sources */,
				C00D1EE618F6CF220026D610 /* RootViewController.m in Sources */,
				C00E5B4718FAD94800C8AA43 /* ContactInfo.m in Sources */,
				C00D1EF018F6E6A80026D610 /* AssignmentCheckViewController.m in Sources */,
				C03B27021908EDB100479408 /* SearchDetailCell.m in Sources */,
				C00EA53318FC18060093BC20 /* AssetImage.m in Sources */,
				C00D1E4A18F67CA90026D610 /* UIWebView+AFNetworking.m in Sources */,
				C00D1EC318F680550026D610 /* MBProgressHUD.m in Sources */,
				C00D1E3C18F67CA90026D610 /* AFHTTPSessionManager.m in Sources */,
				C00D1EE018F6AEF40026D610 /* TMDiskCache.m in Sources */,
				C00D1E4518F67CA90026D610 /* UIAlertView+AFNetworking.m in Sources */,
				C00D1E4018F67CA90026D610 /* AFURLRequestSerialization.m in Sources */,
				C00D1E4318F67CA90026D610 /* AFNetworkActivityIndicatorManager.m in Sources */,
				C072493B190A4CE600881EC9 /* DirectCheckTableViewController.m in Sources */,
				C00D1E4218F67CA90026D610 /* AFURLSessionManager.m in Sources */,
				C00D1ED418F6A4C30026D610 /* MJRefreshBaseView.m in Sources */,
				C00D1EDF18F6AEF40026D610 /* TMCache.m in Sources */,
				C00D1ED618F6A4C30026D610 /* MJRefreshFooterView.m in Sources */,
				C0FD63771912A9AD003088A6 /* ReadViewController.m in Sources */,
				C00EA52D18FC0C4C0093BC20 /* DiskCache.m in Sources */,
				C00D1C7A18F6784F0026D610 /* AppDelegate.m in Sources */,
				C00D1EED18F6DCF90026D610 /* AssetsCheckViewController.m in Sources */,
				C00D1ED718F6A4C30026D610 /* MJRefreshHeaderView.m in Sources */,
				C00D1C7618F6784F0026D610 /* main.m in Sources */,
			);
			runOnlyForDeploymentPostprocessing = 0;
		};
		C00D1C8318F6784F0026D610 /* Sources */ = {
			isa = PBXSourcesBuildPhase;
			buildActionMask = 2147483647;
			files = (
				C00D1C9518F6784F0026D610 /* JiaoTongBuTests.m in Sources */,
			);
			runOnlyForDeploymentPostprocessing = 0;
		};
/* End PBXSourcesBuildPhase section */

/* Begin PBXTargetDependency section */
		C00D1C8D18F6784F0026D610 /* PBXTargetDependency */ = {
			isa = PBXTargetDependency;
			target = C00D1C6518F6784F0026D610 /* JiaoTongBu */;
			targetProxy = C00D1C8C18F6784F0026D610 /* PBXContainerItemProxy */;
		};
/* End PBXTargetDependency section */

/* Begin PBXVariantGroup section */
		C00D1C7218F6784F0026D610 /* InfoPlist.strings */ = {
			isa = PBXVariantGroup;
			children = (
				C00D1C7318F6784F0026D610 /* en */,
				C0E6D997190E8A300087C1D3 /* zh-Hans */,
			);
			name = InfoPlist.strings;
			sourceTree = "<group>";
		};
		C00D1C7B18F6784F0026D610 /* Main.storyboard */ = {
			isa = PBXVariantGroup;
			children = (
				C00D1C7C18F6784F0026D610 /* Base */,
				C0E6D996190E8A300087C1D3 /* zh-Hans */,
			);
			name = Main.storyboard;
			sourceTree = "<group>";
		};
		C00D1C9118F6784F0026D610 /* InfoPlist.strings */ = {
			isa = PBXVariantGroup;
			children = (
				C00D1C9218F6784F0026D610 /* en */,
				C0E6D998190E8A300087C1D3 /* zh-Hans */,
			);
			name = InfoPlist.strings;
			sourceTree = "<group>";
		};
/* End PBXVariantGroup section */

/* Begin XCBuildConfiguration section */
		C00D1C9618F6784F0026D610 /* Debug */ = {
			isa = XCBuildConfiguration;
			buildSettings = {
				ALWAYS_SEARCH_USER_PATHS = NO;
				CLANG_CXX_LANGUAGE_STANDARD = "gnu++0x";
				CLANG_CXX_LIBRARY = "libc++";
				CLANG_ENABLE_MODULES = YES;
				CLANG_ENABLE_OBJC_ARC = YES;
				CLANG_WARN_BOOL_CONVERSION = YES;
				CLANG_WARN_CONSTANT_CONVERSION = YES;
				CLANG_WARN_DIRECT_OBJC_ISA_USAGE = YES_ERROR;
				CLANG_WARN_EMPTY_BODY = YES;
				CLANG_WARN_ENUM_CONVERSION = YES;
				CLANG_WARN_INT_CONVERSION = YES;
				CLANG_WARN_OBJC_ROOT_CLASS = YES_ERROR;
				CLANG_WARN__DUPLICATE_METHOD_MATCH = YES;
				CODE_SIGN_IDENTITY = "iPhone Developer: Qianchen Xia (9M978P92AL)";
				"CODE_SIGN_IDENTITY[sdk=iphoneos*]" = "iPhone Developer";
				COPY_PHASE_STRIP = NO;
				GCC_C_LANGUAGE_STANDARD = gnu99;
				GCC_DYNAMIC_NO_PIC = NO;
				GCC_OPTIMIZATION_LEVEL = 0;
				GCC_PREPROCESSOR_DEFINITIONS = (
					"DEBUG=1",
					"$(inherited)",
				);
				GCC_SYMBOLS_PRIVATE_EXTERN = NO;
				GCC_WARN_64_TO_32_BIT_CONVERSION = YES;
				GCC_WARN_ABOUT_RETURN_TYPE = YES_ERROR;
				GCC_WARN_UNDECLARED_SELECTOR = YES;
				GCC_WARN_UNINITIALIZED_AUTOS = YES;
				GCC_WARN_UNUSED_FUNCTION = YES;
				GCC_WARN_UNUSED_VARIABLE = YES;
				IPHONEOS_DEPLOYMENT_TARGET = 7.0;
				ONLY_ACTIVE_ARCH = NO;
				SDKROOT = iphoneos7.1;
				VALID_ARCHS = "armv7 armv7s";
			};
			name = Debug;
		};
		C00D1C9718F6784F0026D610 /* Release */ = {
			isa = XCBuildConfiguration;
			buildSettings = {
				ALWAYS_SEARCH_USER_PATHS = NO;
				CLANG_CXX_LANGUAGE_STANDARD = "gnu++0x";
				CLANG_CXX_LIBRARY = "libc++";
				CLANG_ENABLE_MODULES = YES;
				CLANG_ENABLE_OBJC_ARC = YES;
				CLANG_WARN_BOOL_CONVERSION = YES;
				CLANG_WARN_CONSTANT_CONVERSION = YES;
				CLANG_WARN_DIRECT_OBJC_ISA_USAGE = YES_ERROR;
				CLANG_WARN_EMPTY_BODY = YES;
				CLANG_WARN_ENUM_CONVERSION = YES;
				CLANG_WARN_INT_CONVERSION = YES;
				CLANG_WARN_OBJC_ROOT_CLASS = YES_ERROR;
				CLANG_WARN__DUPLICATE_METHOD_MATCH = YES;
				CODE_SIGN_IDENTITY = "iPhone Developer: Qianchen Xia (9M978P92AL)";
				"CODE_SIGN_IDENTITY[sdk=iphoneos*]" = "iPhone Developer";
				COPY_PHASE_STRIP = YES;
				ENABLE_NS_ASSERTIONS = NO;
				GCC_C_LANGUAGE_STANDARD = gnu99;
				GCC_WARN_64_TO_32_BIT_CONVERSION = YES;
				GCC_WARN_ABOUT_RETURN_TYPE = YES_ERROR;
				GCC_WARN_UNDECLARED_SELECTOR = YES;
				GCC_WARN_UNINITIALIZED_AUTOS = YES;
				GCC_WARN_UNUSED_FUNCTION = YES;
				GCC_WARN_UNUSED_VARIABLE = YES;
				IPHONEOS_DEPLOYMENT_TARGET = 7.0;
				ONLY_ACTIVE_ARCH = NO;
				SDKROOT = iphoneos7.1;
				VALIDATE_PRODUCT = YES;
				VALID_ARCHS = "armv7 armv7s";
			};
			name = Release;
		};
		C00D1C9918F6784F0026D610 /* Debug */ = {
			isa = XCBuildConfiguration;
			buildSettings = {
				ALWAYS_SEARCH_USER_PATHS = NO;
				ASSETCATALOG_COMPILER_APPICON_NAME = AppIcon;
				ASSETCATALOG_COMPILER_LAUNCHIMAGE_NAME = LaunchImage;
				CODE_SIGN_IDENTITY = "iPhone Developer";
				GCC_PRECOMPILE_PREFIX_HEADER = YES;
				GCC_PREFIX_HEADER = "JiaoTongBu/JiaoTongBu-Prefix.pch";
				HEADER_SEARCH_PATHS = (
					"$(inherited)",
					/usr/include/libxml2,
				);
				INFOPLIST_FILE = "JiaoTongBu/JiaoTongBu-Info.plist";
				IPHONEOS_DEPLOYMENT_TARGET = 6.0;
				LIBRARY_SEARCH_PATHS = (
					"$(inherited)",
					/Users/ixiu/Desktop/JiaoTongBu/ThirdClasslib/ZBarSDK/ZBarSDK,
					/Users/ixiu/Desktop/JiaoTongBu1.0/ThirdClasslib/ZBarSDK,
					"$(PROJECT_DIR)/ThirdClasslib/ZBarSDK",
				);
				ONLY_ACTIVE_ARCH = NO;
				OTHER_LDFLAGS = "-lxml2";
				PRODUCT_NAME = "$(TARGET_NAME)";
				SDKROOT = iphoneos7.1;
				USER_HEADER_SEARCH_PATHS = "";
				VALID_ARCHS = "armc7s armv7";
				WRAPPER_EXTENSION = app;
			};
			name = Debug;
		};
		C00D1C9A18F6784F0026D610 /* Release */ = {
			isa = XCBuildConfiguration;
			buildSettings = {
				ALWAYS_SEARCH_USER_PATHS = NO;
				ASSETCATALOG_COMPILER_APPICON_NAME = AppIcon;
				ASSETCATALOG_COMPILER_LAUNCHIMAGE_NAME = LaunchImage;
				CODE_SIGN_IDENTITY = "iPhone Developer";
				GCC_PRECOMPILE_PREFIX_HEADER = YES;
				GCC_PREFIX_HEADER = "JiaoTongBu/JiaoTongBu-Prefix.pch";
				HEADER_SEARCH_PATHS = (
					"$(inherited)",
					/usr/include/libxml2,
				);
				INFOPLIST_FILE = "JiaoTongBu/JiaoTongBu-Info.plist";
				IPHONEOS_DEPLOYMENT_TARGET = 6.0;
				LIBRARY_SEARCH_PATHS = (
					"$(inherited)",
					/Users/ixiu/Desktop/JiaoTongBu/ThirdClasslib/ZBarSDK/ZBarSDK,
					/Users/ixiu/Desktop/JiaoTongBu1.0/ThirdClasslib/ZBarSDK,
					"$(PROJECT_DIR)/ThirdClasslib/ZBarSDK",
				);
				ONLY_ACTIVE_ARCH = NO;
				OTHER_LDFLAGS = "-lxml2";
				PRODUCT_NAME = "$(TARGET_NAME)";
				SDKROOT = iphoneos7.1;
				USER_HEADER_SEARCH_PATHS = "";
				VALID_ARCHS = "armc7s armv7";
				WRAPPER_EXTENSION = app;
			};
			name = Release;
		};
		C00D1C9C18F6784F0026D610 /* Debug */ = {
			isa = XCBuildConfiguration;
			buildSettings = {
				BUNDLE_LOADER = "$(BUILT_PRODUCTS_DIR)/JiaoTongBu.app/JiaoTongBu";
				FRAMEWORK_SEARCH_PATHS = (
					"$(SDKROOT)/Developer/Library/Frameworks",
					"$(inherited)",
					"$(DEVELOPER_FRAMEWORKS_DIR)",
				);
				GCC_PRECOMPILE_PREFIX_HEADER = YES;
				GCC_PREFIX_HEADER = "JiaoTongBu/JiaoTongBu-Prefix.pch";
				GCC_PREPROCESSOR_DEFINITIONS = (
					"DEBUG=1",
					"$(inherited)",
				);
				INFOPLIST_FILE = "JiaoTongBuTests/JiaoTongBuTests-Info.plist";
				PRODUCT_NAME = "$(TARGET_NAME)";
				TEST_HOST = "$(BUNDLE_LOADER)";
				WRAPPER_EXTENSION = xctest;
			};
			name = Debug;
		};
		C00D1C9D18F6784F0026D610 /* Release */ = {
			isa = XCBuildConfiguration;
			buildSettings = {
				BUNDLE_LOADER = "$(BUILT_PRODUCTS_DIR)/JiaoTongBu.app/JiaoTongBu";
				FRAMEWORK_SEARCH_PATHS = (
					"$(SDKROOT)/Developer/Library/Frameworks",
					"$(inherited)",
					"$(DEVELOPER_FRAMEWORKS_DIR)",
				);
				GCC_PRECOMPILE_PREFIX_HEADER = YES;
				GCC_PREFIX_HEADER = "JiaoTongBu/JiaoTongBu-Prefix.pch";
				INFOPLIST_FILE = "JiaoTongBuTests/JiaoTongBuTests-Info.plist";
				PRODUCT_NAME = "$(TARGET_NAME)";
				TEST_HOST = "$(BUNDLE_LOADER)";
				WRAPPER_EXTENSION = xctest;
			};
			name = Release;
		};
/* End XCBuildConfiguration section */

/* Begin XCConfigurationList section */
		C00D1C6118F6784F0026D610 /* Build configuration list for PBXProject "JiaoTongBu" */ = {
			isa = XCConfigurationList;
			buildConfigurations = (
				C00D1C9618F6784F0026D610 /* Debug */,
				C00D1C9718F6784F0026D610 /* Release */,
			);
			defaultConfigurationIsVisible = 0;
			defaultConfigurationName = Release;
		};
		C00D1C9818F6784F0026D610 /* Build configuration list for PBXNativeTarget "JiaoTongBu" */ = {
			isa = XCConfigurationList;
			buildConfigurations = (
				C00D1C9918F6784F0026D610 /* Debug */,
				C00D1C9A18F6784F0026D610 /* Release */,
			);
			defaultConfigurationIsVisible = 0;
			defaultConfigurationName = Release;
		};
		C00D1C9B18F6784F0026D610 /* Build configuration list for PBXNativeTarget "JiaoTongBuTests" */ = {
			isa = XCConfigurationList;
			buildConfigurations = (
				C00D1C9C18F6784F0026D610 /* Debug */,
				C00D1C9D18F6784F0026D610 /* Release */,
			);
			defaultConfigurationIsVisible = 0;
			defaultConfigurationName = Release;
		};
/* End XCConfigurationList section */
	};
	rootObject = C00D1C5E18F6784F0026D610 /* Project object */;
}
